// !$*UTF8*$!
{
	archiveVersion = 1;
	classes = {
	};
	objectVersion = 46;
	objects = {

/* Begin PBXBuildFile section */
		893F9D4114E1F58D0074C5EC /* AccountSetup1View.xib in Resources */ = {isa = PBXBuildFile; fileRef = 893F9D4014E1F58D0074C5EC /* AccountSetup1View.xib */; };
		893F9D4414E1F5990074C5EC /* AccountSetup2View.xib in Resources */ = {isa = PBXBuildFile; fileRef = 893F9D4314E1F5990074C5EC /* AccountSetup2View.xib */; };
		893F9D4714E1F5CD0074C5EC /* AccountSetup1ViewController.m in Sources */ = {isa = PBXBuildFile; fileRef = 893F9D4614E1F5CD0074C5EC /* AccountSetup1ViewController.m */; };
		893F9D4A14E1F5DE0074C5EC /* AccountSetup2ViewController.m in Sources */ = {isa = PBXBuildFile; fileRef = 893F9D4914E1F5DE0074C5EC /* AccountSetup2ViewController.m */; };
		89740A6E14EC56420064E64A /* Back.png in Resources */ = {isa = PBXBuildFile; fileRef = 89740A6C14EC56420064E64A /* Back.png */; };
		89740A6F14EC56420064E64A /* Back@2x.png in Resources */ = {isa = PBXBuildFile; fileRef = 89740A6D14EC56420064E64A /* Back@2x.png */; };
		89740A7214EC56540064E64A /* Default.png in Resources */ = {isa = PBXBuildFile; fileRef = 89740A7014EC56540064E64A /* Default.png */; };
		89740A7314EC56540064E64A /* Default@2x.png in Resources */ = {isa = PBXBuildFile; fileRef = 89740A7114EC56540064E64A /* Default@2x.png */; };
		89740A7814EC567A0064E64A /* StandardBackground_Logo.png in Resources */ = {isa = PBXBuildFile; fileRef = 89740A7414EC567A0064E64A /* StandardBackground_Logo.png */; };
		89740A7914EC567A0064E64A /* StandardBackground_Logo@2x.png in Resources */ = {isa = PBXBuildFile; fileRef = 89740A7514EC567A0064E64A /* StandardBackground_Logo@2x.png */; };
		89740A7A14EC567A0064E64A /* StandardBackground.png in Resources */ = {isa = PBXBuildFile; fileRef = 89740A7614EC567A0064E64A /* StandardBackground.png */; };
		89740A7B14EC567A0064E64A /* StandardBackground@2x.png in Resources */ = {isa = PBXBuildFile; fileRef = 89740A7714EC567A0064E64A /* StandardBackground@2x.png */; };
		89740A7E14EC573B0064E64A /* MobileOptIn.png in Resources */ = {isa = PBXBuildFile; fileRef = 89740A7C14EC573B0064E64A /* MobileOptIn.png */; };
		89740A7F14EC573B0064E64A /* MobileOptIn@2x.png in Resources */ = {isa = PBXBuildFile; fileRef = 89740A7D14EC573B0064E64A /* MobileOptIn@2x.png */; };
		89740A8214EC57B50064E64A /* Background_SignIn.png in Resources */ = {isa = PBXBuildFile; fileRef = 89740A8014EC57B50064E64A /* Background_SignIn.png */; };
		89740A8314EC57B50064E64A /* Background_SignIn@2x.png in Resources */ = {isa = PBXBuildFile; fileRef = 89740A8114EC57B50064E64A /* Background_SignIn@2x.png */; };
		89740A8614EC58690064E64A /* Button_Blue_LG.png in Resources */ = {isa = PBXBuildFile; fileRef = 89740A8414EC58690064E64A /* Button_Blue_LG.png */; };
		89740A8714EC58690064E64A /* Button_Blue_LG@2x.png in Resources */ = {isa = PBXBuildFile; fileRef = 89740A8514EC58690064E64A /* Button_Blue_LG@2x.png */; };
		89740A8A14EC59320064E64A /* MobileAlertSetup1.png in Resources */ = {isa = PBXBuildFile; fileRef = 89740A8814EC59320064E64A /* MobileAlertSetup1.png */; };
		89740A8B14EC59320064E64A /* MobileAlertSetup1@2x.png in Resources */ = {isa = PBXBuildFile; fileRef = 89740A8914EC59320064E64A /* MobileAlertSetup1@2x.png */; };
		89740A8E14EC599E0064E64A /* MobileAlertSetup2.png in Resources */ = {isa = PBXBuildFile; fileRef = 89740A8C14EC599E0064E64A /* MobileAlertSetup2.png */; };
		89740A8F14EC599E0064E64A /* MobileAlertSetup2@2x.png in Resources */ = {isa = PBXBuildFile; fileRef = 89740A8D14EC599E0064E64A /* MobileAlertSetup2@2x.png */; };
		89740AA814EC5A620064E64A /* ServiceProviderATT.png in Resources */ = {isa = PBXBuildFile; fileRef = 89740AA014EC5A620064E64A /* ServiceProviderATT.png */; };
		89740AA914EC5A620064E64A /* ServiceProviderATT@2x.png in Resources */ = {isa = PBXBuildFile; fileRef = 89740AA114EC5A620064E64A /* ServiceProviderATT@2x.png */; };
		89740AAA14EC5A620064E64A /* ServiceProviderSprint.png in Resources */ = {isa = PBXBuildFile; fileRef = 89740AA214EC5A620064E64A /* ServiceProviderSprint.png */; };
		89740AAB14EC5A620064E64A /* ServiceProviderSprint@2x.png in Resources */ = {isa = PBXBuildFile; fileRef = 89740AA314EC5A620064E64A /* ServiceProviderSprint@2x.png */; };
		89740AAC14EC5A620064E64A /* ServiceProviderTMobile.png in Resources */ = {isa = PBXBuildFile; fileRef = 89740AA414EC5A620064E64A /* ServiceProviderTMobile.png */; };
		89740AAD14EC5A620064E64A /* ServiceProviderTMobile@2x.png in Resources */ = {isa = PBXBuildFile; fileRef = 89740AA514EC5A620064E64A /* ServiceProviderTMobile@2x.png */; };
		89740AAE14EC5A620064E64A /* ServiceProviderVerizon.png in Resources */ = {isa = PBXBuildFile; fileRef = 89740AA614EC5A620064E64A /* ServiceProviderVerizon.png */; };
		89740AAF14EC5A620064E64A /* ServiceProviderVerizon@2x.png in Resources */ = {isa = PBXBuildFile; fileRef = 89740AA714EC5A620064E64A /* ServiceProviderVerizon@2x.png */; };
		897E980A14DB02C3007595A7 /* UIKit.framework in Frameworks */ = {isa = PBXBuildFile; fileRef = 897E980914DB02C3007595A7 /* UIKit.framework */; };
		897E980C14DB02C3007595A7 /* Foundation.framework in Frameworks */ = {isa = PBXBuildFile; fileRef = 897E980B14DB02C3007595A7 /* Foundation.framework */; };
		897E980E14DB02C3007595A7 /* CoreGraphics.framework in Frameworks */ = {isa = PBXBuildFile; fileRef = 897E980D14DB02C3007595A7 /* CoreGraphics.framework */; };
		897E981414DB02C3007595A7 /* InfoPlist.strings in Resources */ = {isa = PBXBuildFile; fileRef = 897E981214DB02C3007595A7 /* InfoPlist.strings */; };
		897E981614DB02C3007595A7 /* main.m in Sources */ = {isa = PBXBuildFile; fileRef = 897E981514DB02C3007595A7 /* main.m */; };
		897E981A14DB02C3007595A7 /* SWAppDelegate.m in Sources */ = {isa = PBXBuildFile; fileRef = 897E981914DB02C3007595A7 /* SWAppDelegate.m */; };
		897E982214DB02C3007595A7 /* SenTestingKit.framework in Frameworks */ = {isa = PBXBuildFile; fileRef = 897E982114DB02C3007595A7 /* SenTestingKit.framework */; };
		897E982314DB02C3007595A7 /* UIKit.framework in Frameworks */ = {isa = PBXBuildFile; fileRef = 897E980914DB02C3007595A7 /* UIKit.framework */; };
		897E982414DB02C3007595A7 /* Foundation.framework in Frameworks */ = {isa = PBXBuildFile; fileRef = 897E980B14DB02C3007595A7 /* Foundation.framework */; };
		897E982C14DB02C3007595A7 /* InfoPlist.strings in Resources */ = {isa = PBXBuildFile; fileRef = 897E982A14DB02C3007595A7 /* InfoPlist.strings */; };
		897E982F14DB02C3007595A7 /* SafetyWebTests.m in Sources */ = {isa = PBXBuildFile; fileRef = 897E982E14DB02C3007595A7 /* SafetyWebTests.m */; };
		897E984214DB1255007595A7 /* RootViewController.m in Sources */ = {isa = PBXBuildFile; fileRef = 897E984114DB1255007595A7 /* RootViewController.m */; };
		897E984514DB12AE007595A7 /* LoginViewController.m in Sources */ = {isa = PBXBuildFile; fileRef = 897E984414DB12AE007595A7 /* LoginViewController.m */; };
		897E984814DB1478007595A7 /* UserManager.m in Sources */ = {isa = PBXBuildFile; fileRef = 897E984714DB1478007595A7 /* UserManager.m */; };
		89838DB214E30F8C00CDCDBC /* AccountSetupModel.m in Sources */ = {isa = PBXBuildFile; fileRef = 89838DB114E30F8B00CDCDBC /* AccountSetupModel.m */; };
		898441D014E474540047CDFE /* AccountSetupViewController.m in Sources */ = {isa = PBXBuildFile; fileRef = 898441CF14E474540047CDFE /* AccountSetupViewController.m */; };
		898441D314E483E80047CDFE /* MobileOptInViewController.m in Sources */ = {isa = PBXBuildFile; fileRef = 898441D214E483E80047CDFE /* MobileOptInViewController.m */; };
		898441D514E485010047CDFE /* MobileOptInView.xib in Resources */ = {isa = PBXBuildFile; fileRef = 898441D414E485010047CDFE /* MobileOptInView.xib */; };
		8984674F14E1AA2C00B997D5 /* ResetPasswordViewController.m in Sources */ = {isa = PBXBuildFile; fileRef = 8984674E14E1AA2C00B997D5 /* ResetPasswordViewController.m */; };
		8984675214E1AB3100B997D5 /* ResetPasswordView.xib in Resources */ = {isa = PBXBuildFile; fileRef = 8984675114E1AB3100B997D5 /* ResetPasswordView.xib */; };
		8984675514E1ADEB00B997D5 /* Utilities.m in Sources */ = {isa = PBXBuildFile; fileRef = 8984675414E1ADEB00B997D5 /* Utilities.m */; };
		8984675914E1CA1900B997D5 /* ChildsActivityViewController.m in Sources */ = {isa = PBXBuildFile; fileRef = 8984675714E1CA1900B997D5 /* ChildsActivityViewController.m */; };
		8984675C14E1CA5900B997D5 /* ChildsActivityView.xib in Resources */ = {isa = PBXBuildFile; fileRef = 8984675B14E1CA5900B997D5 /* ChildsActivityView.xib */; };
		898651FB14DB5A1E008F353B /* MainWindow.xib in Resources */ = {isa = PBXBuildFile; fileRef = 898651FA14DB5A1E008F353B /* MainWindow.xib */; };
		898651FD14DB5CB7008F353B /* LoginView.xib in Resources */ = {isa = PBXBuildFile; fileRef = 898651FC14DB5CB7008F353B /* LoginView.xib */; };
		89867F1E14E9870100B054B2 /* MobileAlertSetup1ViewController.m in Sources */ = {isa = PBXBuildFile; fileRef = 89867F1D14E9870100B054B2 /* MobileAlertSetup1ViewController.m */; };
		89867F2114E9928600B054B2 /* MobileAlertSetup1View.xib in Resources */ = {isa = PBXBuildFile; fileRef = 89867F2014E9928500B054B2 /* MobileAlertSetup1View.xib */; };
		89867F2414E99FD500B054B2 /* MobileAlertSetup2ViewController.m in Sources */ = {isa = PBXBuildFile; fileRef = 89867F2314E99FD500B054B2 /* MobileAlertSetup2ViewController.m */; };
		89867F2614E9A65700B054B2 /* MobileAlertSetup2View.xib in Resources */ = {isa = PBXBuildFile; fileRef = 89867F2514E9A65700B054B2 /* MobileAlertSetup2View.xib */; };
		899C095014EAD9A000DDC780 /* LoadView.m in Sources */ = {isa = PBXBuildFile; fileRef = 899C094F14EAD9A000DDC780 /* LoadView.m */; };
		899C095414EAE43900DDC780 /* LoadViewController.m in Sources */ = {isa = PBXBuildFile; fileRef = 899C095314EAE43900DDC780 /* LoadViewController.m */; };
		899C095614EAE57000DDC780 /* LoadView.xib in Resources */ = {isa = PBXBuildFile; fileRef = 899C095514EAE57000DDC780 /* LoadView.xib */; };
/* End PBXBuildFile section */

/* Begin PBXContainerItemProxy section */
		897E982514DB02C3007595A7 /* PBXContainerItemProxy */ = {
			isa = PBXContainerItemProxy;
			containerPortal = 897E97FC14DB02C3007595A7 /* Project object */;
			proxyType = 1;
			remoteGlobalIDString = 897E980414DB02C3007595A7;
			remoteInfo = SafetyWeb;
		};
/* End PBXContainerItemProxy section */

/* Begin PBXFileReference section */
		893F9D4014E1F58D0074C5EC /* AccountSetup1View.xib */ = {isa = PBXFileReference; fileEncoding = 4; lastKnownFileType = file.xib; path = AccountSetup1View.xib; sourceTree = "<group>"; };
		893F9D4314E1F5990074C5EC /* AccountSetup2View.xib */ = {isa = PBXFileReference; fileEncoding = 4; lastKnownFileType = file.xib; path = AccountSetup2View.xib; sourceTree = "<group>"; };
		893F9D4514E1F5CD0074C5EC /* AccountSetup1ViewController.h */ = {isa = PBXFileReference; fileEncoding = 4; lastKnownFileType = sourcecode.c.h; path = AccountSetup1ViewController.h; sourceTree = "<group>"; };
		893F9D4614E1F5CD0074C5EC /* AccountSetup1ViewController.m */ = {isa = PBXFileReference; fileEncoding = 4; lastKnownFileType = sourcecode.c.objc; path = AccountSetup1ViewController.m; sourceTree = "<group>"; };
		893F9D4814E1F5DE0074C5EC /* AccountSetup2ViewController.h */ = {isa = PBXFileReference; fileEncoding = 4; lastKnownFileType = sourcecode.c.h; path = AccountSetup2ViewController.h; sourceTree = "<group>"; };
		893F9D4914E1F5DE0074C5EC /* AccountSetup2ViewController.m */ = {isa = PBXFileReference; fileEncoding = 4; lastKnownFileType = sourcecode.c.objc; path = AccountSetup2ViewController.m; sourceTree = "<group>"; };
		89740A6C14EC56420064E64A /* Back.png */ = {isa = PBXFileReference; lastKnownFileType = image.png; path = Back.png; sourceTree = "<group>"; };
		89740A6D14EC56420064E64A /* Back@2x.png */ = {isa = PBXFileReference; lastKnownFileType = image.png; path = "Back@2x.png"; sourceTree = "<group>"; };
		89740A7014EC56540064E64A /* Default.png */ = {isa = PBXFileReference; lastKnownFileType = image.png; path = Default.png; sourceTree = "<group>"; };
		89740A7114EC56540064E64A /* Default@2x.png */ = {isa = PBXFileReference; lastKnownFileType = image.png; path = "Default@2x.png"; sourceTree = "<group>"; };
		89740A7414EC567A0064E64A /* StandardBackground_Logo.png */ = {isa = PBXFileReference; lastKnownFileType = image.png; path = StandardBackground_Logo.png; sourceTree = "<group>"; };
		89740A7514EC567A0064E64A /* StandardBackground_Logo@2x.png */ = {isa = PBXFileReference; lastKnownFileType = image.png; path = "StandardBackground_Logo@2x.png"; sourceTree = "<group>"; };
		89740A7614EC567A0064E64A /* StandardBackground.png */ = {isa = PBXFileReference; lastKnownFileType = image.png; path = StandardBackground.png; sourceTree = "<group>"; };
		89740A7714EC567A0064E64A /* StandardBackground@2x.png */ = {isa = PBXFileReference; lastKnownFileType = image.png; path = "StandardBackground@2x.png"; sourceTree = "<group>"; };
		89740A7C14EC573B0064E64A /* MobileOptIn.png */ = {isa = PBXFileReference; lastKnownFileType = image.png; path = MobileOptIn.png; sourceTree = "<group>"; };
		89740A7D14EC573B0064E64A /* MobileOptIn@2x.png */ = {isa = PBXFileReference; lastKnownFileType = image.png; path = "MobileOptIn@2x.png"; sourceTree = "<group>"; };
		89740A8014EC57B50064E64A /* Background_SignIn.png */ = {isa = PBXFileReference; lastKnownFileType = image.png; path = Background_SignIn.png; sourceTree = "<group>"; };
		89740A8114EC57B50064E64A /* Background_SignIn@2x.png */ = {isa = PBXFileReference; lastKnownFileType = image.png; path = "Background_SignIn@2x.png"; sourceTree = "<group>"; };
		89740A8414EC58690064E64A /* Button_Blue_LG.png */ = {isa = PBXFileReference; lastKnownFileType = image.png; path = Button_Blue_LG.png; sourceTree = "<group>"; };
		89740A8514EC58690064E64A /* Button_Blue_LG@2x.png */ = {isa = PBXFileReference; lastKnownFileType = image.png; path = "Button_Blue_LG@2x.png"; sourceTree = "<group>"; };
		89740A8814EC59320064E64A /* MobileAlertSetup1.png */ = {isa = PBXFileReference; lastKnownFileType = image.png; path = MobileAlertSetup1.png; sourceTree = "<group>"; };
		89740A8914EC59320064E64A /* MobileAlertSetup1@2x.png */ = {isa = PBXFileReference; lastKnownFileType = image.png; path = "MobileAlertSetup1@2x.png"; sourceTree = "<group>"; };
		89740A8C14EC599E0064E64A /* MobileAlertSetup2.png */ = {isa = PBXFileReference; lastKnownFileType = image.png; path = MobileAlertSetup2.png; sourceTree = "<group>"; };
		89740A8D14EC599E0064E64A /* MobileAlertSetup2@2x.png */ = {isa = PBXFileReference; lastKnownFileType = image.png; path = "MobileAlertSetup2@2x.png"; sourceTree = "<group>"; };
		89740AA014EC5A620064E64A /* ServiceProviderATT.png */ = {isa = PBXFileReference; lastKnownFileType = image.png; path = ServiceProviderATT.png; sourceTree = "<group>"; };
		89740AA114EC5A620064E64A /* ServiceProviderATT@2x.png */ = {isa = PBXFileReference; lastKnownFileType = image.png; path = "ServiceProviderATT@2x.png"; sourceTree = "<group>"; };
		89740AA214EC5A620064E64A /* ServiceProviderSprint.png */ = {isa = PBXFileReference; lastKnownFileType = image.png; path = ServiceProviderSprint.png; sourceTree = "<group>"; };
		89740AA314EC5A620064E64A /* ServiceProviderSprint@2x.png */ = {isa = PBXFileReference; lastKnownFileType = image.png; path = "ServiceProviderSprint@2x.png"; sourceTree = "<group>"; };
		89740AA414EC5A620064E64A /* ServiceProviderTMobile.png */ = {isa = PBXFileReference; lastKnownFileType = image.png; path = ServiceProviderTMobile.png; sourceTree = "<group>"; };
		89740AA514EC5A620064E64A /* ServiceProviderTMobile@2x.png */ = {isa = PBXFileReference; lastKnownFileType = image.png; path = "ServiceProviderTMobile@2x.png"; sourceTree = "<group>"; };
		89740AA614EC5A620064E64A /* ServiceProviderVerizon.png */ = {isa = PBXFileReference; lastKnownFileType = image.png; path = ServiceProviderVerizon.png; sourceTree = "<group>"; };
		89740AA714EC5A620064E64A /* ServiceProviderVerizon@2x.png */ = {isa = PBXFileReference; lastKnownFileType = image.png; path = "ServiceProviderVerizon@2x.png"; sourceTree = "<group>"; };
		897E980514DB02C3007595A7 /* SafetyWeb.app */ = {isa = PBXFileReference; explicitFileType = wrapper.application; includeInIndex = 0; path = SafetyWeb.app; sourceTree = BUILT_PRODUCTS_DIR; };
		897E980914DB02C3007595A7 /* UIKit.framework */ = {isa = PBXFileReference; lastKnownFileType = wrapper.framework; name = UIKit.framework; path = System/Library/Frameworks/UIKit.framework; sourceTree = SDKROOT; };
		897E980B14DB02C3007595A7 /* Foundation.framework */ = {isa = PBXFileReference; lastKnownFileType = wrapper.framework; name = Foundation.framework; path = System/Library/Frameworks/Foundation.framework; sourceTree = SDKROOT; };
		897E980D14DB02C3007595A7 /* CoreGraphics.framework */ = {isa = PBXFileReference; lastKnownFileType = wrapper.framework; name = CoreGraphics.framework; path = System/Library/Frameworks/CoreGraphics.framework; sourceTree = SDKROOT; };
		897E981114DB02C3007595A7 /* SafetyWeb-Info.plist */ = {isa = PBXFileReference; lastKnownFileType = text.plist.xml; path = "SafetyWeb-Info.plist"; sourceTree = "<group>"; };
		897E981314DB02C3007595A7 /* en */ = {isa = PBXFileReference; lastKnownFileType = text.plist.strings; name = en; path = en.lproj/InfoPlist.strings; sourceTree = "<group>"; };
		897E981514DB02C3007595A7 /* main.m */ = {isa = PBXFileReference; lastKnownFileType = sourcecode.c.objc; path = main.m; sourceTree = "<group>"; };
		897E981714DB02C3007595A7 /* SafetyWeb-Prefix.pch */ = {isa = PBXFileReference; lastKnownFileType = sourcecode.c.h; path = "SafetyWeb-Prefix.pch"; sourceTree = "<group>"; };
		897E981814DB02C3007595A7 /* SWAppDelegate.h */ = {isa = PBXFileReference; lastKnownFileType = sourcecode.c.h; path = SWAppDelegate.h; sourceTree = "<group>"; };
		897E981914DB02C3007595A7 /* SWAppDelegate.m */ = {isa = PBXFileReference; lastKnownFileType = sourcecode.c.objc; path = SWAppDelegate.m; sourceTree = "<group>"; };
		897E982014DB02C3007595A7 /* SafetyWebTests.octest */ = {isa = PBXFileReference; explicitFileType = wrapper.cfbundle; includeInIndex = 0; path = SafetyWebTests.octest; sourceTree = BUILT_PRODUCTS_DIR; };
		897E982114DB02C3007595A7 /* SenTestingKit.framework */ = {isa = PBXFileReference; lastKnownFileType = wrapper.framework; name = SenTestingKit.framework; path = Library/Frameworks/SenTestingKit.framework; sourceTree = DEVELOPER_DIR; };
		897E982914DB02C3007595A7 /* SafetyWebTests-Info.plist */ = {isa = PBXFileReference; lastKnownFileType = text.plist.xml; path = "SafetyWebTests-Info.plist"; sourceTree = "<group>"; };
		897E982B14DB02C3007595A7 /* en */ = {isa = PBXFileReference; lastKnownFileType = text.plist.strings; name = en; path = en.lproj/InfoPlist.strings; sourceTree = "<group>"; };
		897E982D14DB02C3007595A7 /* SafetyWebTests.h */ = {isa = PBXFileReference; lastKnownFileType = sourcecode.c.h; path = SafetyWebTests.h; sourceTree = "<group>"; };
		897E982E14DB02C3007595A7 /* SafetyWebTests.m */ = {isa = PBXFileReference; lastKnownFileType = sourcecode.c.objc; path = SafetyWebTests.m; sourceTree = "<group>"; };
		897E984014DB1255007595A7 /* RootViewController.h */ = {isa = PBXFileReference; fileEncoding = 4; lastKnownFileType = sourcecode.c.h; path = RootViewController.h; sourceTree = "<group>"; };
		897E984114DB1255007595A7 /* RootViewController.m */ = {isa = PBXFileReference; fileEncoding = 4; lastKnownFileType = sourcecode.c.objc; path = RootViewController.m; sourceTree = "<group>"; };
		897E984314DB12AE007595A7 /* LoginViewController.h */ = {isa = PBXFileReference; fileEncoding = 4; lastKnownFileType = sourcecode.c.h; path = LoginViewController.h; sourceTree = "<group>"; };
		897E984414DB12AE007595A7 /* LoginViewController.m */ = {isa = PBXFileReference; fileEncoding = 4; lastKnownFileType = sourcecode.c.objc; path = LoginViewController.m; sourceTree = "<group>"; };
		897E984614DB1478007595A7 /* UserManager.h */ = {isa = PBXFileReference; fileEncoding = 4; lastKnownFileType = sourcecode.c.h; path = UserManager.h; sourceTree = "<group>"; };
		897E984714DB1478007595A7 /* UserManager.m */ = {isa = PBXFileReference; fileEncoding = 4; lastKnownFileType = sourcecode.c.objc; path = UserManager.m; sourceTree = "<group>"; };
		89838DB014E30F8B00CDCDBC /* AccountSetupModel.h */ = {isa = PBXFileReference; fileEncoding = 4; lastKnownFileType = sourcecode.c.h; path = AccountSetupModel.h; sourceTree = "<group>"; };
		89838DB114E30F8B00CDCDBC /* AccountSetupModel.m */ = {isa = PBXFileReference; fileEncoding = 4; lastKnownFileType = sourcecode.c.objc; path = AccountSetupModel.m; sourceTree = "<group>"; };
		898441CE14E474530047CDFE /* AccountSetupViewController.h */ = {isa = PBXFileReference; fileEncoding = 4; lastKnownFileType = sourcecode.c.h; path = AccountSetupViewController.h; sourceTree = "<group>"; };
		898441CF14E474540047CDFE /* AccountSetupViewController.m */ = {isa = PBXFileReference; fileEncoding = 4; lastKnownFileType = sourcecode.c.objc; path = AccountSetupViewController.m; sourceTree = "<group>"; };
		898441D114E483E80047CDFE /* MobileOptInViewController.h */ = {isa = PBXFileReference; fileEncoding = 4; lastKnownFileType = sourcecode.c.h; path = MobileOptInViewController.h; sourceTree = "<group>"; };
		898441D214E483E80047CDFE /* MobileOptInViewController.m */ = {isa = PBXFileReference; fileEncoding = 4; lastKnownFileType = sourcecode.c.objc; path = MobileOptInViewController.m; sourceTree = "<group>"; };
		898441D414E485010047CDFE /* MobileOptInView.xib */ = {isa = PBXFileReference; fileEncoding = 4; lastKnownFileType = file.xib; path = MobileOptInView.xib; sourceTree = "<group>"; };
		8984674D14E1AA2C00B997D5 /* ResetPasswordViewController.h */ = {isa = PBXFileReference; fileEncoding = 4; lastKnownFileType = sourcecode.c.h; path = ResetPasswordViewController.h; sourceTree = "<group>"; };
		8984674E14E1AA2C00B997D5 /* ResetPasswordViewController.m */ = {isa = PBXFileReference; fileEncoding = 4; lastKnownFileType = sourcecode.c.objc; path = ResetPasswordViewController.m; sourceTree = "<group>"; };
		8984675114E1AB3100B997D5 /* ResetPasswordView.xib */ = {isa = PBXFileReference; fileEncoding = 4; lastKnownFileType = file.xib; path = ResetPasswordView.xib; sourceTree = "<group>"; };
		8984675314E1ADEB00B997D5 /* Utilities.h */ = {isa = PBXFileReference; fileEncoding = 4; lastKnownFileType = sourcecode.c.h; path = Utilities.h; sourceTree = "<group>"; };
		8984675414E1ADEB00B997D5 /* Utilities.m */ = {isa = PBXFileReference; fileEncoding = 4; lastKnownFileType = sourcecode.c.objc; path = Utilities.m; sourceTree = "<group>"; };
		8984675614E1CA1900B997D5 /* ChildsActivityViewController.h */ = {isa = PBXFileReference; fileEncoding = 4; lastKnownFileType = sourcecode.c.h; path = ChildsActivityViewController.h; sourceTree = "<group>"; };
		8984675714E1CA1900B997D5 /* ChildsActivityViewController.m */ = {isa = PBXFileReference; fileEncoding = 4; lastKnownFileType = sourcecode.c.objc; path = ChildsActivityViewController.m; sourceTree = "<group>"; };
		8984675B14E1CA5900B997D5 /* ChildsActivityView.xib */ = {isa = PBXFileReference; fileEncoding = 4; lastKnownFileType = file.xib; path = ChildsActivityView.xib; sourceTree = "<group>"; };
		898651FA14DB5A1E008F353B /* MainWindow.xib */ = {isa = PBXFileReference; fileEncoding = 4; lastKnownFileType = file.xib; path = MainWindow.xib; sourceTree = "<group>"; };
		898651FC14DB5CB7008F353B /* LoginView.xib */ = {isa = PBXFileReference; fileEncoding = 4; lastKnownFileType = file.xib; path = LoginView.xib; sourceTree = "<group>"; };
		89867F1C14E9870100B054B2 /* MobileAlertSetup1ViewController.h */ = {isa = PBXFileReference; fileEncoding = 4; lastKnownFileType = sourcecode.c.h; path = MobileAlertSetup1ViewController.h; sourceTree = "<group>"; };
		89867F1D14E9870100B054B2 /* MobileAlertSetup1ViewController.m */ = {isa = PBXFileReference; fileEncoding = 4; lastKnownFileType = sourcecode.c.objc; path = MobileAlertSetup1ViewController.m; sourceTree = "<group>"; };
		89867F2014E9928500B054B2 /* MobileAlertSetup1View.xib */ = {isa = PBXFileReference; fileEncoding = 4; lastKnownFileType = file.xib; path = MobileAlertSetup1View.xib; sourceTree = "<group>"; };
		89867F2214E99FD500B054B2 /* MobileAlertSetup2ViewController.h */ = {isa = PBXFileReference; fileEncoding = 4; lastKnownFileType = sourcecode.c.h; path = MobileAlertSetup2ViewController.h; sourceTree = "<group>"; };
		89867F2314E99FD500B054B2 /* MobileAlertSetup2ViewController.m */ = {isa = PBXFileReference; fileEncoding = 4; lastKnownFileType = sourcecode.c.objc; path = MobileAlertSetup2ViewController.m; sourceTree = "<group>"; };
		89867F2514E9A65700B054B2 /* MobileAlertSetup2View.xib */ = {isa = PBXFileReference; fileEncoding = 4; lastKnownFileType = file.xib; path = MobileAlertSetup2View.xib; sourceTree = "<group>"; };
		899C094E14EAD9A000DDC780 /* LoadView.h */ = {isa = PBXFileReference; fileEncoding = 4; lastKnownFileType = sourcecode.c.h; path = LoadView.h; sourceTree = "<group>"; };
		899C094F14EAD9A000DDC780 /* LoadView.m */ = {isa = PBXFileReference; fileEncoding = 4; lastKnownFileType = sourcecode.c.objc; path = LoadView.m; sourceTree = "<group>"; };
		899C095214EAE43900DDC780 /* LoadViewController.h */ = {isa = PBXFileReference; fileEncoding = 4; lastKnownFileType = sourcecode.c.h; path = LoadViewController.h; sourceTree = "<group>"; };
		899C095314EAE43900DDC780 /* LoadViewController.m */ = {isa = PBXFileReference; fileEncoding = 4; lastKnownFileType = sourcecode.c.objc; path = LoadViewController.m; sourceTree = "<group>"; };
		899C095514EAE57000DDC780 /* LoadView.xib */ = {isa = PBXFileReference; fileEncoding = 4; lastKnownFileType = file.xib; path = LoadView.xib; sourceTree = "<group>"; };
/* End PBXFileReference section */

/* Begin PBXFrameworksBuildPhase section */
		897E980214DB02C3007595A7 /* Frameworks */ = {
			isa = PBXFrameworksBuildPhase;
			buildActionMask = 2147483647;
			files = (
				897E980A14DB02C3007595A7 /* UIKit.framework in Frameworks */,
				897E980C14DB02C3007595A7 /* Foundation.framework in Frameworks */,
				897E980E14DB02C3007595A7 /* CoreGraphics.framework in Frameworks */,
			);
			runOnlyForDeploymentPostprocessing = 0;
		};
		897E981C14DB02C3007595A7 /* Frameworks */ = {
			isa = PBXFrameworksBuildPhase;
			buildActionMask = 2147483647;
			files = (
				897E982214DB02C3007595A7 /* SenTestingKit.framework in Frameworks */,
				897E982314DB02C3007595A7 /* UIKit.framework in Frameworks */,
				897E982414DB02C3007595A7 /* Foundation.framework in Frameworks */,
			);
			runOnlyForDeploymentPostprocessing = 0;
		};
/* End PBXFrameworksBuildPhase section */

/* Begin PBXGroup section */
		897E97FA14DB02C3007595A7 = {
			isa = PBXGroup;
			children = (
				898441D614E48A240047CDFE /* images */,
				897E980F14DB02C3007595A7 /* SafetyWeb */,
				897E982714DB02C3007595A7 /* SafetyWebTests */,
				897E980814DB02C3007595A7 /* Frameworks */,
				897E980614DB02C3007595A7 /* Products */,
			);
			sourceTree = "<group>";
		};
		897E980614DB02C3007595A7 /* Products */ = {
			isa = PBXGroup;
			children = (
				897E980514DB02C3007595A7 /* SafetyWeb.app */,
				897E982014DB02C3007595A7 /* SafetyWebTests.octest */,
			);
			name = Products;
			sourceTree = "<group>";
		};
		897E980814DB02C3007595A7 /* Frameworks */ = {
			isa = PBXGroup;
			children = (
				897E980914DB02C3007595A7 /* UIKit.framework */,
				897E980B14DB02C3007595A7 /* Foundation.framework */,
				897E980D14DB02C3007595A7 /* CoreGraphics.framework */,
				897E982114DB02C3007595A7 /* SenTestingKit.framework */,
			);
			name = Frameworks;
			sourceTree = "<group>";
		};
		897E980F14DB02C3007595A7 /* SafetyWeb */ = {
			isa = PBXGroup;
			children = (
				897E981814DB02C3007595A7 /* SWAppDelegate.h */,
				897E981914DB02C3007595A7 /* SWAppDelegate.m */,
				897E981014DB02C3007595A7 /* Supporting Files */,
				897E984014DB1255007595A7 /* RootViewController.h */,
				897E984114DB1255007595A7 /* RootViewController.m */,
				897E984314DB12AE007595A7 /* LoginViewController.h */,
				897E984414DB12AE007595A7 /* LoginViewController.m */,
				897E984614DB1478007595A7 /* UserManager.h */,
				897E984714DB1478007595A7 /* UserManager.m */,
				898651FA14DB5A1E008F353B /* MainWindow.xib */,
				898651FC14DB5CB7008F353B /* LoginView.xib */,
				8984674D14E1AA2C00B997D5 /* ResetPasswordViewController.h */,
				8984674E14E1AA2C00B997D5 /* ResetPasswordViewController.m */,
				8984675114E1AB3100B997D5 /* ResetPasswordView.xib */,
				8984675314E1ADEB00B997D5 /* Utilities.h */,
				8984675414E1ADEB00B997D5 /* Utilities.m */,
				8984675614E1CA1900B997D5 /* ChildsActivityViewController.h */,
				8984675714E1CA1900B997D5 /* ChildsActivityViewController.m */,
				8984675B14E1CA5900B997D5 /* ChildsActivityView.xib */,
				893F9D4014E1F58D0074C5EC /* AccountSetup1View.xib */,
				893F9D4314E1F5990074C5EC /* AccountSetup2View.xib */,
				893F9D4514E1F5CD0074C5EC /* AccountSetup1ViewController.h */,
				893F9D4614E1F5CD0074C5EC /* AccountSetup1ViewController.m */,
				893F9D4814E1F5DE0074C5EC /* AccountSetup2ViewController.h */,
				893F9D4914E1F5DE0074C5EC /* AccountSetup2ViewController.m */,
				89838DB014E30F8B00CDCDBC /* AccountSetupModel.h */,
				89838DB114E30F8B00CDCDBC /* AccountSetupModel.m */,
				898441CE14E474530047CDFE /* AccountSetupViewController.h */,
				898441CF14E474540047CDFE /* AccountSetupViewController.m */,
				898441D114E483E80047CDFE /* MobileOptInViewController.h */,
				898441D214E483E80047CDFE /* MobileOptInViewController.m */,
				898441D414E485010047CDFE /* MobileOptInView.xib */,
				89867F1C14E9870100B054B2 /* MobileAlertSetup1ViewController.h */,
				89867F1D14E9870100B054B2 /* MobileAlertSetup1ViewController.m */,
				89867F2014E9928500B054B2 /* MobileAlertSetup1View.xib */,
				89867F2214E99FD500B054B2 /* MobileAlertSetup2ViewController.h */,
				89867F2314E99FD500B054B2 /* MobileAlertSetup2ViewController.m */,
				89867F2514E9A65700B054B2 /* MobileAlertSetup2View.xib */,
				899C094E14EAD9A000DDC780 /* LoadView.h */,
				899C094F14EAD9A000DDC780 /* LoadView.m */,
				899C095214EAE43900DDC780 /* LoadViewController.h */,
				899C095314EAE43900DDC780 /* LoadViewController.m */,
				899C095514EAE57000DDC780 /* LoadView.xib */,
			);
			path = SafetyWeb;
			sourceTree = "<group>";
		};
		897E981014DB02C3007595A7 /* Supporting Files */ = {
			isa = PBXGroup;
			children = (
				897E981114DB02C3007595A7 /* SafetyWeb-Info.plist */,
				897E981214DB02C3007595A7 /* InfoPlist.strings */,
				897E981514DB02C3007595A7 /* main.m */,
				897E981714DB02C3007595A7 /* SafetyWeb-Prefix.pch */,
			);
			name = "Supporting Files";
			sourceTree = "<group>";
		};
		897E982714DB02C3007595A7 /* SafetyWebTests */ = {
			isa = PBXGroup;
			children = (
				897E982D14DB02C3007595A7 /* SafetyWebTests.h */,
				897E982E14DB02C3007595A7 /* SafetyWebTests.m */,
				897E982814DB02C3007595A7 /* Supporting Files */,
			);
			path = SafetyWebTests;
			sourceTree = "<group>";
		};
		897E982814DB02C3007595A7 /* Supporting Files */ = {
			isa = PBXGroup;
			children = (
				897E982914DB02C3007595A7 /* SafetyWebTests-Info.plist */,
				897E982A14DB02C3007595A7 /* InfoPlist.strings */,
			);
			name = "Supporting Files";
			sourceTree = "<group>";
		};
		898441D614E48A240047CDFE /* images */ = {
			isa = PBXGroup;
			children = (
				89740AA014EC5A620064E64A /* ServiceProviderATT.png */,
				89740AA114EC5A620064E64A /* ServiceProviderATT@2x.png */,
				89740AA214EC5A620064E64A /* ServiceProviderSprint.png */,
				89740AA314EC5A620064E64A /* ServiceProviderSprint@2x.png */,
				89740AA414EC5A620064E64A /* ServiceProviderTMobile.png */,
				89740AA514EC5A620064E64A /* ServiceProviderTMobile@2x.png */,
				89740AA614EC5A620064E64A /* ServiceProviderVerizon.png */,
				89740AA714EC5A620064E64A /* ServiceProviderVerizon@2x.png */,
				89740A8C14EC599E0064E64A /* MobileAlertSetup2.png */,
				89740A8D14EC599E0064E64A /* MobileAlertSetup2@2x.png */,
				89740A8814EC59320064E64A /* MobileAlertSetup1.png */,
				89740A8914EC59320064E64A /* MobileAlertSetup1@2x.png */,
				89740A8414EC58690064E64A /* Button_Blue_LG.png */,
				89740A8514EC58690064E64A /* Button_Blue_LG@2x.png */,
				89740A8014EC57B50064E64A /* Background_SignIn.png */,
				89740A8114EC57B50064E64A /* Background_SignIn@2x.png */,
				89740A7C14EC573B0064E64A /* MobileOptIn.png */,
				89740A7D14EC573B0064E64A /* MobileOptIn@2x.png */,
				89740A7414EC567A0064E64A /* StandardBackground_Logo.png */,
				89740A7514EC567A0064E64A /* StandardBackground_Logo@2x.png */,
				89740A7614EC567A0064E64A /* StandardBackground.png */,
				89740A7714EC567A0064E64A /* StandardBackground@2x.png */,
				89740A7014EC56540064E64A /* Default.png */,
				89740A7114EC56540064E64A /* Default@2x.png */,
				89740A6C14EC56420064E64A /* Back.png */,
				89740A6D14EC56420064E64A /* Back@2x.png */,
			);
			path = images;
			sourceTree = "<group>";
		};
/* End PBXGroup section */

/* Begin PBXNativeTarget section */
		897E980414DB02C3007595A7 /* SafetyWeb */ = {
			isa = PBXNativeTarget;
			buildConfigurationList = 897E983214DB02C3007595A7 /* Build configuration list for PBXNativeTarget "SafetyWeb" */;
			buildPhases = (
				897E980114DB02C3007595A7 /* Sources */,
				897E980214DB02C3007595A7 /* Frameworks */,
				897E980314DB02C3007595A7 /* Resources */,
			);
			buildRules = (
			);
			dependencies = (
			);
			name = SafetyWeb;
			productName = SafetyWeb;
			productReference = 897E980514DB02C3007595A7 /* SafetyWeb.app */;
			productType = "com.apple.product-type.application";
		};
		897E981F14DB02C3007595A7 /* SafetyWebTests */ = {
			isa = PBXNativeTarget;
			buildConfigurationList = 897E983514DB02C3007595A7 /* Build configuration list for PBXNativeTarget "SafetyWebTests" */;
			buildPhases = (
				897E981B14DB02C3007595A7 /* Sources */,
				897E981C14DB02C3007595A7 /* Frameworks */,
				897E981D14DB02C3007595A7 /* Resources */,
				897E981E14DB02C3007595A7 /* ShellScript */,
			);
			buildRules = (
			);
			dependencies = (
				897E982614DB02C3007595A7 /* PBXTargetDependency */,
			);
			name = SafetyWebTests;
			productName = SafetyWebTests;
			productReference = 897E982014DB02C3007595A7 /* SafetyWebTests.octest */;
			productType = "com.apple.product-type.bundle";
		};
/* End PBXNativeTarget section */

/* Begin PBXProject section */
		897E97FC14DB02C3007595A7 /* Project object */ = {
			isa = PBXProject;
			attributes = {
				LastUpgradeCheck = 0420;
			};
			buildConfigurationList = 897E97FF14DB02C3007595A7 /* Build configuration list for PBXProject "SafetyWeb" */;
			compatibilityVersion = "Xcode 3.2";
			developmentRegion = English;
			hasScannedForEncodings = 0;
			knownRegions = (
				en,
			);
			mainGroup = 897E97FA14DB02C3007595A7;
			productRefGroup = 897E980614DB02C3007595A7 /* Products */;
			projectDirPath = "";
			projectRoot = "";
			targets = (
				897E980414DB02C3007595A7 /* SafetyWeb */,
				897E981F14DB02C3007595A7 /* SafetyWebTests */,
			);
		};
/* End PBXProject section */

/* Begin PBXResourcesBuildPhase section */
		897E980314DB02C3007595A7 /* Resources */ = {
			isa = PBXResourcesBuildPhase;
			buildActionMask = 2147483647;
			files = (
				897E981414DB02C3007595A7 /* InfoPlist.strings in Resources */,
				898651FB14DB5A1E008F353B /* MainWindow.xib in Resources */,
				898651FD14DB5CB7008F353B /* LoginView.xib in Resources */,
				8984675214E1AB3100B997D5 /* ResetPasswordView.xib in Resources */,
				8984675C14E1CA5900B997D5 /* ChildsActivityView.xib in Resources */,
				893F9D4114E1F58D0074C5EC /* AccountSetup1View.xib in Resources */,
				893F9D4414E1F5990074C5EC /* AccountSetup2View.xib in Resources */,
				898441D514E485010047CDFE /* MobileOptInView.xib in Resources */,
				89867F2114E9928600B054B2 /* MobileAlertSetup1View.xib in Resources */,
				89867F2614E9A65700B054B2 /* MobileAlertSetup2View.xib in Resources */,
				899C095614EAE57000DDC780 /* LoadView.xib in Resources */,
				89740A6E14EC56420064E64A /* Back.png in Resources */,
				89740A6F14EC56420064E64A /* Back@2x.png in Resources */,
				89740A7214EC56540064E64A /* Default.png in Resources */,
				89740A7314EC56540064E64A /* Default@2x.png in Resources */,
				89740A7814EC567A0064E64A /* StandardBackground_Logo.png in Resources */,
				89740A7914EC567A0064E64A /* StandardBackground_Logo@2x.png in Resources */,
				89740A7A14EC567A0064E64A /* StandardBackground.png in Resources */,
				89740A7B14EC567A0064E64A /* StandardBackground@2x.png in Resources */,
				89740A7E14EC573B0064E64A /* MobileOptIn.png in Resources */,
				89740A7F14EC573B0064E64A /* MobileOptIn@2x.png in Resources */,
				89740A8214EC57B50064E64A /* Background_SignIn.png in Resources */,
				89740A8314EC57B50064E64A /* Background_SignIn@2x.png in Resources */,
				89740A8614EC58690064E64A /* Button_Blue_LG.png in Resources */,
				89740A8714EC58690064E64A /* Button_Blue_LG@2x.png in Resources */,
				89740A8A14EC59320064E64A /* MobileAlertSetup1.png in Resources */,
				89740A8B14EC59320064E64A /* MobileAlertSetup1@2x.png in Resources */,
				89740A8E14EC599E0064E64A /* MobileAlertSetup2.png in Resources */,
				89740A8F14EC599E0064E64A /* MobileAlertSetup2@2x.png in Resources */,
				89740AA814EC5A620064E64A /* ServiceProviderATT.png in Resources */,
				89740AA914EC5A620064E64A /* ServiceProviderATT@2x.png in Resources */,
				89740AAA14EC5A620064E64A /* ServiceProviderSprint.png in Resources */,
				89740AAB14EC5A620064E64A /* ServiceProviderSprint@2x.png in Resources */,
				89740AAC14EC5A620064E64A /* ServiceProviderTMobile.png in Resources */,
				89740AAD14EC5A620064E64A /* ServiceProviderTMobile@2x.png in Resources */,
				89740AAE14EC5A620064E64A /* ServiceProviderVerizon.png in Resources */,
				89740AAF14EC5A620064E64A /* ServiceProviderVerizon@2x.png in Resources */,
			);
			runOnlyForDeploymentPostprocessing = 0;
		};
		897E981D14DB02C3007595A7 /* Resources */ = {
			isa = PBXResourcesBuildPhase;
			buildActionMask = 2147483647;
			files = (
				897E982C14DB02C3007595A7 /* InfoPlist.strings in Resources */,
			);
			runOnlyForDeploymentPostprocessing = 0;
		};
/* End PBXResourcesBuildPhase section */

/* Begin PBXShellScriptBuildPhase section */
		897E981E14DB02C3007595A7 /* ShellScript */ = {
			isa = PBXShellScriptBuildPhase;
			buildActionMask = 2147483647;
			files = (
			);
			inputPaths = (
			);
			outputPaths = (
			);
			runOnlyForDeploymentPostprocessing = 0;
			shellPath = /bin/sh;
			shellScript = "# Run the unit tests in this test bundle.\n\"${SYSTEM_DEVELOPER_DIR}/Tools/RunUnitTests\"\n";
		};
/* End PBXShellScriptBuildPhase section */

/* Begin PBXSourcesBuildPhase section */
		897E980114DB02C3007595A7 /* Sources */ = {
			isa = PBXSourcesBuildPhase;
			buildActionMask = 2147483647;
			files = (
				897E981614DB02C3007595A7 /* main.m in Sources */,
				897E981A14DB02C3007595A7 /* SWAppDelegate.m in Sources */,
				897E984214DB1255007595A7 /* RootViewController.m in Sources */,
				897E984514DB12AE007595A7 /* LoginViewController.m in Sources */,
				897E984814DB1478007595A7 /* UserManager.m in Sources */,
				8984674F14E1AA2C00B997D5 /* ResetPasswordViewController.m in Sources */,
				8984675514E1ADEB00B997D5 /* Utilities.m in Sources */,
				8984675914E1CA1900B997D5 /* ChildsActivityViewController.m in Sources */,
				893F9D4714E1F5CD0074C5EC /* AccountSetup1ViewController.m in Sources */,
				893F9D4A14E1F5DE0074C5EC /* AccountSetup2ViewController.m in Sources */,
				89838DB214E30F8C00CDCDBC /* AccountSetupModel.m in Sources */,
				898441D014E474540047CDFE /* AccountSetupViewController.m in Sources */,
				898441D314E483E80047CDFE /* MobileOptInViewController.m in Sources */,
				89867F1E14E9870100B054B2 /* MobileAlertSetup1ViewController.m in Sources */,
				89867F2414E99FD500B054B2 /* MobileAlertSetup2ViewController.m in Sources */,
				899C095014EAD9A000DDC780 /* LoadView.m in Sources */,
				899C095414EAE43900DDC780 /* LoadViewController.m in Sources */,
			);
			runOnlyForDeploymentPostprocessing = 0;
		};
		897E981B14DB02C3007595A7 /* Sources */ = {
			isa = PBXSourcesBuildPhase;
			buildActionMask = 2147483647;
			files = (
				897E982F14DB02C3007595A7 /* SafetyWebTests.m in Sources */,
			);
			runOnlyForDeploymentPostprocessing = 0;
		};
/* End PBXSourcesBuildPhase section */

/* Begin PBXTargetDependency section */
		897E982614DB02C3007595A7 /* PBXTargetDependency */ = {
			isa = PBXTargetDependency;
			target = 897E980414DB02C3007595A7 /* SafetyWeb */;
			targetProxy = 897E982514DB02C3007595A7 /* PBXContainerItemProxy */;
		};
/* End PBXTargetDependency section */

/* Begin PBXVariantGroup section */
		897E981214DB02C3007595A7 /* InfoPlist.strings */ = {
			isa = PBXVariantGroup;
			children = (
				897E981314DB02C3007595A7 /* en */,
			);
			name = InfoPlist.strings;
			sourceTree = "<group>";
		};
		897E982A14DB02C3007595A7 /* InfoPlist.strings */ = {
			isa = PBXVariantGroup;
			children = (
				897E982B14DB02C3007595A7 /* en */,
			);
			name = InfoPlist.strings;
			sourceTree = "<group>";
		};
/* End PBXVariantGroup section */

/* Begin XCBuildConfiguration section */
		897E983014DB02C3007595A7 /* Debug */ = {
			isa = XCBuildConfiguration;
			buildSettings = {
				ALWAYS_SEARCH_USER_PATHS = NO;
				ARCHS = "$(ARCHS_STANDARD_32_BIT)";
				"CODE_SIGN_IDENTITY[sdk=iphoneos*]" = "iPhone Developer";
				COPY_PHASE_STRIP = NO;
				GCC_C_LANGUAGE_STANDARD = gnu99;
				GCC_DYNAMIC_NO_PIC = NO;
				GCC_OPTIMIZATION_LEVEL = 0;
				GCC_PREPROCESSOR_DEFINITIONS = (
					"DEBUG=1",
					"$(inherited)",
				);
				GCC_SYMBOLS_PRIVATE_EXTERN = NO;
				GCC_VERSION = com.apple.compilers.llvm.clang.1_0;
				GCC_WARN_ABOUT_MISSING_PROTOTYPES = YES;
				GCC_WARN_ABOUT_RETURN_TYPE = YES;
				GCC_WARN_UNUSED_VARIABLE = YES;
				IPHONEOS_DEPLOYMENT_TARGET = 5.0;
				SDKROOT = iphoneos;
			};
			name = Debug;
		};
		897E983114DB02C3007595A7 /* Release */ = {
			isa = XCBuildConfiguration;
			buildSettings = {
				ALWAYS_SEARCH_USER_PATHS = NO;
				ARCHS = "$(ARCHS_STANDARD_32_BIT)";
				"CODE_SIGN_IDENTITY[sdk=iphoneos*]" = "iPhone Developer";
				COPY_PHASE_STRIP = YES;
				GCC_C_LANGUAGE_STANDARD = gnu99;
				GCC_VERSION = com.apple.compilers.llvm.clang.1_0;
				GCC_WARN_ABOUT_MISSING_PROTOTYPES = YES;
				GCC_WARN_ABOUT_RETURN_TYPE = YES;
				GCC_WARN_UNUSED_VARIABLE = YES;
				IPHONEOS_DEPLOYMENT_TARGET = 5.0;
				OTHER_CFLAGS = "-DNS_BLOCK_ASSERTIONS=1";
				SDKROOT = iphoneos;
				VALIDATE_PRODUCT = YES;
			};
			name = Release;
		};
		897E983314DB02C3007595A7 /* Debug */ = {
			isa = XCBuildConfiguration;
			buildSettings = {
				GCC_PRECOMPILE_PREFIX_HEADER = YES;
				GCC_PREFIX_HEADER = "SafetyWeb/SafetyWeb-Prefix.pch";
				INFOPLIST_FILE = "SafetyWeb/SafetyWeb-Info.plist";
				PRODUCT_NAME = "$(TARGET_NAME)";
				WRAPPER_EXTENSION = app;
			};
			name = Debug;
		};
		897E983414DB02C3007595A7 /* Release */ = {
			isa = XCBuildConfiguration;
			buildSettings = {
				GCC_PRECOMPILE_PREFIX_HEADER = YES;
				GCC_PREFIX_HEADER = "SafetyWeb/SafetyWeb-Prefix.pch";
				INFOPLIST_FILE = "SafetyWeb/SafetyWeb-Info.plist";
				PRODUCT_NAME = "$(TARGET_NAME)";
				WRAPPER_EXTENSION = app;
			};
			name = Release;
		};
		897E983614DB02C3007595A7 /* Debug */ = {
			isa = XCBuildConfiguration;
			buildSettings = {
				BUNDLE_LOADER = "$(BUILT_PRODUCTS_DIR)/SafetyWeb.app/SafetyWeb";
				FRAMEWORK_SEARCH_PATHS = (
					"$(SDKROOT)/Developer/Library/Frameworks",
					"$(DEVELOPER_LIBRARY_DIR)/Frameworks",
				);
				GCC_PRECOMPILE_PREFIX_HEADER = YES;
				GCC_PREFIX_HEADER = "SafetyWeb/SafetyWeb-Prefix.pch";
				INFOPLIST_FILE = "SafetyWebTests/SafetyWebTests-Info.plist";
				PRODUCT_NAME = "$(TARGET_NAME)";
				TEST_HOST = "$(BUNDLE_LOADER)";
				WRAPPER_EXTENSION = octest;
			};
			name = Debug;
		};
		897E983714DB02C3007595A7 /* Release */ = {
			isa = XCBuildConfiguration;
			buildSettings = {
				BUNDLE_LOADER = "$(BUILT_PRODUCTS_DIR)/SafetyWeb.app/SafetyWeb";
				FRAMEWORK_SEARCH_PATHS = (
					"$(SDKROOT)/Developer/Library/Frameworks",
					"$(DEVELOPER_LIBRARY_DIR)/Frameworks",
				);
				GCC_PRECOMPILE_PREFIX_HEADER = YES;
				GCC_PREFIX_HEADER = "SafetyWeb/SafetyWeb-Prefix.pch";
				INFOPLIST_FILE = "SafetyWebTests/SafetyWebTests-Info.plist";
				PRODUCT_NAME = "$(TARGET_NAME)";
				TEST_HOST = "$(BUNDLE_LOADER)";
				WRAPPER_EXTENSION = octest;
			};
			name = Release;
		};
/* End XCBuildConfiguration section */

/* Begin XCConfigurationList section */
		897E97FF14DB02C3007595A7 /* Build configuration list for PBXProject "SafetyWeb" */ = {
			isa = XCConfigurationList;
			buildConfigurations = (
				897E983014DB02C3007595A7 /* Debug */,
				897E983114DB02C3007595A7 /* Release */,
			);
			defaultConfigurationIsVisible = 0;
			defaultConfigurationName = Release;
		};
		897E983214DB02C3007595A7 /* Build configuration list for PBXNativeTarget "SafetyWeb" */ = {
			isa = XCConfigurationList;
			buildConfigurations = (
				897E983314DB02C3007595A7 /* Debug */,
				897E983414DB02C3007595A7 /* Release */,
			);
			defaultConfigurationIsVisible = 0;
			defaultConfigurationName = Release;
		};
		897E983514DB02C3007595A7 /* Build configuration list for PBXNativeTarget "SafetyWebTests" */ = {
			isa = XCConfigurationList;
			buildConfigurations = (
				897E983614DB02C3007595A7 /* Debug */,
				897E983714DB02C3007595A7 /* Release */,
			);
			defaultConfigurationIsVisible = 0;
			defaultConfigurationName = Release;
		};
/* End XCConfigurationList section */
	};
	rootObject = 897E97FC14DB02C3007595A7 /* Project object */;
}
