// !$*UTF8*$!
{
	archiveVersion = 1;
	classes = {
	};
	objectVersion = 46;
	objects = {

/* Begin PBXBuildFile section */
		8901AE5F14EDCA7300059179 /* LoginLoadViewController.m in Sources */ = {isa = PBXBuildFile; fileRef = 8901AE5E14EDCA7300059179 /* LoginLoadViewController.m */; };
		890DC3DE1523D1F100C5458B /* FacebookAlert.m in Sources */ = {isa = PBXBuildFile; fileRef = 890DC3DD1523D1F100C5458B /* FacebookAlert.m */; };
		8914514C1522541300800262 /* SettingsViewController.m in Sources */ = {isa = PBXBuildFile; fileRef = 8914514A1522541300800262 /* SettingsViewController.m */; };
		8914514D1522541300800262 /* SettingsViewController.xib in Resources */ = {isa = PBXBuildFile; fileRef = 8914514B1522541300800262 /* SettingsViewController.xib */; };
		8936AFE3150FC28B005C8237 /* MenuViewController.m in Sources */ = {isa = PBXBuildFile; fileRef = 8936AFE1150FC28B005C8237 /* MenuViewController.m */; };
		8936AFE4150FC28B005C8237 /* MenuViewController.xib in Resources */ = {isa = PBXBuildFile; fileRef = 8936AFE2150FC28B005C8237 /* MenuViewController.xib */; };
		8936AFE8150FC6D2005C8237 /* MenuItem.m in Sources */ = {isa = PBXBuildFile; fileRef = 8936AFE7150FC6D2005C8237 /* MenuItem.m */; };
		893F9D4114E1F58D0074C5EC /* AccountSetup1View.xib in Resources */ = {isa = PBXBuildFile; fileRef = 893F9D4014E1F58D0074C5EC /* AccountSetup1View.xib */; };
		893F9D4414E1F5990074C5EC /* AccountSetup2View.xib in Resources */ = {isa = PBXBuildFile; fileRef = 893F9D4314E1F5990074C5EC /* AccountSetup2View.xib */; };
		893F9D4714E1F5CD0074C5EC /* AccountSetup1ViewController.m in Sources */ = {isa = PBXBuildFile; fileRef = 893F9D4614E1F5CD0074C5EC /* AccountSetup1ViewController.m */; };
		893F9D4A14E1F5DE0074C5EC /* AccountSetup2ViewController.m in Sources */ = {isa = PBXBuildFile; fileRef = 893F9D4914E1F5DE0074C5EC /* AccountSetup2ViewController.m */; };
		89740A6E14EC56420064E64A /* Back.png in Resources */ = {isa = PBXBuildFile; fileRef = 89740A6C14EC56420064E64A /* Back.png */; };
		89740A6F14EC56420064E64A /* Back@2x.png in Resources */ = {isa = PBXBuildFile; fileRef = 89740A6D14EC56420064E64A /* Back@2x.png */; };
		89740A7214EC56540064E64A /* Default.png in Resources */ = {isa = PBXBuildFile; fileRef = 89740A7014EC56540064E64A /* Default.png */; };
		89740A7314EC56540064E64A /* Default@2x.png in Resources */ = {isa = PBXBuildFile; fileRef = 89740A7114EC56540064E64A /* Default@2x.png */; };
		89740A7814EC567A0064E64A /* StandardBackground_Logo.png in Resources */ = {isa = PBXBuildFile; fileRef = 89740A7414EC567A0064E64A /* StandardBackground_Logo.png */; };
		89740A7914EC567A0064E64A /* StandardBackground_Logo@2x.png in Resources */ = {isa = PBXBuildFile; fileRef = 89740A7514EC567A0064E64A /* StandardBackground_Logo@2x.png */; };
		89740A7A14EC567A0064E64A /* StandardBackground.png in Resources */ = {isa = PBXBuildFile; fileRef = 89740A7614EC567A0064E64A /* StandardBackground.png */; };
		89740A7B14EC567A0064E64A /* StandardBackground@2x.png in Resources */ = {isa = PBXBuildFile; fileRef = 89740A7714EC567A0064E64A /* StandardBackground@2x.png */; };
		89740A7E14EC573B0064E64A /* MobileOptIn.png in Resources */ = {isa = PBXBuildFile; fileRef = 89740A7C14EC573B0064E64A /* MobileOptIn.png */; };
		89740A7F14EC573B0064E64A /* MobileOptIn@2x.png in Resources */ = {isa = PBXBuildFile; fileRef = 89740A7D14EC573B0064E64A /* MobileOptIn@2x.png */; };
		89740A8214EC57B50064E64A /* Background_SignIn.png in Resources */ = {isa = PBXBuildFile; fileRef = 89740A8014EC57B50064E64A /* Background_SignIn.png */; };
		89740A8314EC57B50064E64A /* Background_SignIn@2x.png in Resources */ = {isa = PBXBuildFile; fileRef = 89740A8114EC57B50064E64A /* Background_SignIn@2x.png */; };
		89740A8614EC58690064E64A /* Button_Blue_LG.png in Resources */ = {isa = PBXBuildFile; fileRef = 89740A8414EC58690064E64A /* Button_Blue_LG.png */; };
		89740A8714EC58690064E64A /* Button_Blue_LG@2x.png in Resources */ = {isa = PBXBuildFile; fileRef = 89740A8514EC58690064E64A /* Button_Blue_LG@2x.png */; };
		89740A8A14EC59320064E64A /* MobileAlertSetup1.png in Resources */ = {isa = PBXBuildFile; fileRef = 89740A8814EC59320064E64A /* MobileAlertSetup1.png */; };
		89740A8B14EC59320064E64A /* MobileAlertSetup1@2x.png in Resources */ = {isa = PBXBuildFile; fileRef = 89740A8914EC59320064E64A /* MobileAlertSetup1@2x.png */; };
		89740A8E14EC599E0064E64A /* MobileAlertSetup2.png in Resources */ = {isa = PBXBuildFile; fileRef = 89740A8C14EC599E0064E64A /* MobileAlertSetup2.png */; };
		89740A8F14EC599E0064E64A /* MobileAlertSetup2@2x.png in Resources */ = {isa = PBXBuildFile; fileRef = 89740A8D14EC599E0064E64A /* MobileAlertSetup2@2x.png */; };
		89740AA814EC5A620064E64A /* ServiceProviderATT.png in Resources */ = {isa = PBXBuildFile; fileRef = 89740AA014EC5A620064E64A /* ServiceProviderATT.png */; };
		89740AA914EC5A620064E64A /* ServiceProviderATT@2x.png in Resources */ = {isa = PBXBuildFile; fileRef = 89740AA114EC5A620064E64A /* ServiceProviderATT@2x.png */; };
		89740AAA14EC5A620064E64A /* ServiceProviderSprint.png in Resources */ = {isa = PBXBuildFile; fileRef = 89740AA214EC5A620064E64A /* ServiceProviderSprint.png */; };
		89740AAB14EC5A620064E64A /* ServiceProviderSprint@2x.png in Resources */ = {isa = PBXBuildFile; fileRef = 89740AA314EC5A620064E64A /* ServiceProviderSprint@2x.png */; };
		89740AAC14EC5A620064E64A /* ServiceProviderTMobile.png in Resources */ = {isa = PBXBuildFile; fileRef = 89740AA414EC5A620064E64A /* ServiceProviderTMobile.png */; };
		89740AAD14EC5A620064E64A /* ServiceProviderTMobile@2x.png in Resources */ = {isa = PBXBuildFile; fileRef = 89740AA514EC5A620064E64A /* ServiceProviderTMobile@2x.png */; };
		89740AAE14EC5A620064E64A /* ServiceProviderVerizon.png in Resources */ = {isa = PBXBuildFile; fileRef = 89740AA614EC5A620064E64A /* ServiceProviderVerizon.png */; };
		89740AAF14EC5A620064E64A /* ServiceProviderVerizon@2x.png in Resources */ = {isa = PBXBuildFile; fileRef = 89740AA714EC5A620064E64A /* ServiceProviderVerizon@2x.png */; };
		89740AB414EC6D4A0064E64A /* AppProperties.m in Sources */ = {isa = PBXBuildFile; fileRef = 89740AB314EC6D4A0064E64A /* AppProperties.m */; };
		89740AB614EC6D8C0064E64A /* AppProperties.plist in Resources */ = {isa = PBXBuildFile; fileRef = 89740AB514EC6D8C0064E64A /* AppProperties.plist */; };
		89740ABD14EC70E40064E64A /* AppProperties.dev.plist in Resources */ = {isa = PBXBuildFile; fileRef = 89740ABB14EC70E40064E64A /* AppProperties.dev.plist */; };
		89740ABE14EC70E40064E64A /* AppProperties.prod.plist in Resources */ = {isa = PBXBuildFile; fileRef = 89740ABC14EC70E40064E64A /* AppProperties.prod.plist */; };
		897BBC6B14F4171700377684 /* LoadingScreen.png in Resources */ = {isa = PBXBuildFile; fileRef = 897BBC6914F4171700377684 /* LoadingScreen.png */; };
		897BBC6C14F4171700377684 /* LoadingScreen@2X.png in Resources */ = {isa = PBXBuildFile; fileRef = 897BBC6A14F4171700377684 /* LoadingScreen@2X.png */; };
		897BBC7E14F41D6B00377684 /* ATT_btn_off.png in Resources */ = {isa = PBXBuildFile; fileRef = 897BBC6E14F41D6800377684 /* ATT_btn_off.png */; };
		897BBC7F14F41D6B00377684 /* ATT_btn_off@2X.png in Resources */ = {isa = PBXBuildFile; fileRef = 897BBC6F14F41D6800377684 /* ATT_btn_off@2X.png */; };
		897BBC8014F41D6B00377684 /* ATT_btn_on.png in Resources */ = {isa = PBXBuildFile; fileRef = 897BBC7014F41D6800377684 /* ATT_btn_on.png */; };
		897BBC8114F41D6B00377684 /* ATT_btn_on@2X.png in Resources */ = {isa = PBXBuildFile; fileRef = 897BBC7114F41D6900377684 /* ATT_btn_on@2X.png */; };
		897BBC8214F41D6B00377684 /* Sprint_btn_off.png in Resources */ = {isa = PBXBuildFile; fileRef = 897BBC7214F41D6900377684 /* Sprint_btn_off.png */; };
		897BBC8314F41D6B00377684 /* Sprint_btn_off@2X.png in Resources */ = {isa = PBXBuildFile; fileRef = 897BBC7314F41D6900377684 /* Sprint_btn_off@2X.png */; };
		897BBC8414F41D6B00377684 /* Sprint_btn_on.png in Resources */ = {isa = PBXBuildFile; fileRef = 897BBC7414F41D6900377684 /* Sprint_btn_on.png */; };
		897BBC8514F41D6B00377684 /* Sprint_btn_on@2X.png in Resources */ = {isa = PBXBuildFile; fileRef = 897BBC7514F41D6900377684 /* Sprint_btn_on@2X.png */; };
		897BBC8614F41D6B00377684 /* TMobile_btn_off.png in Resources */ = {isa = PBXBuildFile; fileRef = 897BBC7614F41D6900377684 /* TMobile_btn_off.png */; };
		897BBC8714F41D6B00377684 /* TMobile_btn_off@2X.png in Resources */ = {isa = PBXBuildFile; fileRef = 897BBC7714F41D6A00377684 /* TMobile_btn_off@2X.png */; };
		897BBC8814F41D6B00377684 /* TMobile_btn_on.png in Resources */ = {isa = PBXBuildFile; fileRef = 897BBC7814F41D6A00377684 /* TMobile_btn_on.png */; };
		897BBC8914F41D6B00377684 /* TMobile_btn_on@2X.png in Resources */ = {isa = PBXBuildFile; fileRef = 897BBC7914F41D6A00377684 /* TMobile_btn_on@2X.png */; };
		897BBC8A14F41D6B00377684 /* Verizon_btn_off.png in Resources */ = {isa = PBXBuildFile; fileRef = 897BBC7A14F41D6A00377684 /* Verizon_btn_off.png */; };
		897BBC8B14F41D6B00377684 /* Verizon_btn_off@2X.png in Resources */ = {isa = PBXBuildFile; fileRef = 897BBC7B14F41D6A00377684 /* Verizon_btn_off@2X.png */; };
		897BBC8C14F41D6B00377684 /* Verizon_btn_on.png in Resources */ = {isa = PBXBuildFile; fileRef = 897BBC7C14F41D6A00377684 /* Verizon_btn_on.png */; };
		897BBC8D14F41D6B00377684 /* Verizon_btn_on@2X.png in Resources */ = {isa = PBXBuildFile; fileRef = 897BBC7D14F41D6B00377684 /* Verizon_btn_on@2X.png */; };
		897D348715114BFE00967F5D /* ResetPasswordLoadViewController.m in Sources */ = {isa = PBXBuildFile; fileRef = 897D348615114BFD00967F5D /* ResetPasswordLoadViewController.m */; };
		897E980A14DB02C3007595A7 /* UIKit.framework in Frameworks */ = {isa = PBXBuildFile; fileRef = 897E980914DB02C3007595A7 /* UIKit.framework */; };
		897E980C14DB02C3007595A7 /* Foundation.framework in Frameworks */ = {isa = PBXBuildFile; fileRef = 897E980B14DB02C3007595A7 /* Foundation.framework */; };
		897E980E14DB02C3007595A7 /* CoreGraphics.framework in Frameworks */ = {isa = PBXBuildFile; fileRef = 897E980D14DB02C3007595A7 /* CoreGraphics.framework */; };
		897E981414DB02C3007595A7 /* InfoPlist.strings in Resources */ = {isa = PBXBuildFile; fileRef = 897E981214DB02C3007595A7 /* InfoPlist.strings */; };
		897E981614DB02C3007595A7 /* main.m in Sources */ = {isa = PBXBuildFile; fileRef = 897E981514DB02C3007595A7 /* main.m */; };
		897E981A14DB02C3007595A7 /* SWAppDelegate.m in Sources */ = {isa = PBXBuildFile; fileRef = 897E981914DB02C3007595A7 /* SWAppDelegate.m */; };
		897E984214DB1255007595A7 /* RootViewController.m in Sources */ = {isa = PBXBuildFile; fileRef = 897E984114DB1255007595A7 /* RootViewController.m */; };
		897E984514DB12AE007595A7 /* LoginViewController.m in Sources */ = {isa = PBXBuildFile; fileRef = 897E984414DB12AE007595A7 /* LoginViewController.m */; };
		897E984814DB1478007595A7 /* UserManager.m in Sources */ = {isa = PBXBuildFile; fileRef = 897E984714DB1478007595A7 /* UserManager.m */; };
		897FD2551517E7EB00B7F0D0 /* top_shadow.png in Resources */ = {isa = PBXBuildFile; fileRef = 897FD2541517E7EB00B7F0D0 /* top_shadow.png */; };
		897FD2581517E80D00B7F0D0 /* bottom_shadow.png in Resources */ = {isa = PBXBuildFile; fileRef = 897FD2571517E80D00B7F0D0 /* bottom_shadow.png */; };
		897FD25C1517E9DF00B7F0D0 /* ViewProfileViewController.m in Sources */ = {isa = PBXBuildFile; fileRef = 897FD25A1517E9DF00B7F0D0 /* ViewProfileViewController.m */; };
		897FD25D1517E9DF00B7F0D0 /* ViewProfileViewController.xib in Resources */ = {isa = PBXBuildFile; fileRef = 897FD25B1517E9DF00B7F0D0 /* ViewProfileViewController.xib */; };
		8981393615238A38003B6A0D /* BingMaps.Resources.bundle in Resources */ = {isa = PBXBuildFile; fileRef = 8981393515238A38003B6A0D /* BingMaps.Resources.bundle */; };
		898139481523A04B003B6A0D /* AlertManager.m in Sources */ = {isa = PBXBuildFile; fileRef = 898139471523A04B003B6A0D /* AlertManager.m */; };
		8981394E1523BF96003B6A0D /* FacebookAlertCellController.m in Sources */ = {isa = PBXBuildFile; fileRef = 8981394C1523BF96003B6A0D /* FacebookAlertCellController.m */; };
		8981394F1523BF96003B6A0D /* FacebookAlertCellController.xib in Resources */ = {isa = PBXBuildFile; fileRef = 8981394D1523BF96003B6A0D /* FacebookAlertCellController.xib */; };
		898139511523C066003B6A0D /* facebook_icon.png in Resources */ = {isa = PBXBuildFile; fileRef = 898139501523C066003B6A0D /* facebook_icon.png */; };
		89838DB214E30F8C00CDCDBC /* AccountSetupModel.m in Sources */ = {isa = PBXBuildFile; fileRef = 89838DB114E30F8B00CDCDBC /* AccountSetupModel.m */; };
		898441D014E474540047CDFE /* AccountSetupViewController.m in Sources */ = {isa = PBXBuildFile; fileRef = 898441CF14E474540047CDFE /* AccountSetupViewController.m */; };
		898441D314E483E80047CDFE /* MobileOptInViewController.m in Sources */ = {isa = PBXBuildFile; fileRef = 898441D214E483E80047CDFE /* MobileOptInViewController.m */; };
		898441D514E485010047CDFE /* MobileOptInView.xib in Resources */ = {isa = PBXBuildFile; fileRef = 898441D414E485010047CDFE /* MobileOptInView.xib */; };
		8984674F14E1AA2C00B997D5 /* ResetPasswordViewController.m in Sources */ = {isa = PBXBuildFile; fileRef = 8984674E14E1AA2C00B997D5 /* ResetPasswordViewController.m */; };
		8984675214E1AB3100B997D5 /* ResetPasswordView.xib in Resources */ = {isa = PBXBuildFile; fileRef = 8984675114E1AB3100B997D5 /* ResetPasswordView.xib */; };
		8984675514E1ADEB00B997D5 /* Utilities.m in Sources */ = {isa = PBXBuildFile; fileRef = 8984675414E1ADEB00B997D5 /* Utilities.m */; };
		8984675914E1CA1900B997D5 /* ChildsActivityViewController.m in Sources */ = {isa = PBXBuildFile; fileRef = 8984675714E1CA1900B997D5 /* ChildsActivityViewController.m */; };
		8984675C14E1CA5900B997D5 /* ChildsActivityView.xib in Resources */ = {isa = PBXBuildFile; fileRef = 8984675B14E1CA5900B997D5 /* ChildsActivityView.xib */; };
		898651FB14DB5A1E008F353B /* MainWindow.xib in Resources */ = {isa = PBXBuildFile; fileRef = 898651FA14DB5A1E008F353B /* MainWindow.xib */; };
		898651FD14DB5CB7008F353B /* LoginView.xib in Resources */ = {isa = PBXBuildFile; fileRef = 898651FC14DB5CB7008F353B /* LoginView.xib */; };
		89867F1E14E9870100B054B2 /* MobileAlertSetup1ViewController.m in Sources */ = {isa = PBXBuildFile; fileRef = 89867F1D14E9870100B054B2 /* MobileAlertSetup1ViewController.m */; };
		89867F2114E9928600B054B2 /* MobileAlertSetup1View.xib in Resources */ = {isa = PBXBuildFile; fileRef = 89867F2014E9928500B054B2 /* MobileAlertSetup1View.xib */; };
		89867F2414E99FD500B054B2 /* MobileAlertSetup2ViewController.m in Sources */ = {isa = PBXBuildFile; fileRef = 89867F2314E99FD500B054B2 /* MobileAlertSetup2ViewController.m */; };
		89867F2614E9A65700B054B2 /* MobileAlertSetup2View.xib in Resources */ = {isa = PBXBuildFile; fileRef = 89867F2514E9A65700B054B2 /* MobileAlertSetup2View.xib */; };
		89964B5F14F80DB6006A0D7D /* QuartzCore.framework in Frameworks */ = {isa = PBXBuildFile; fileRef = 89964B5E14F80DB6006A0D7D /* QuartzCore.framework */; };
		89964B6014F80DC0006A0D7D /* QuartzCore.framework in Frameworks */ = {isa = PBXBuildFile; fileRef = 89964B5E14F80DB6006A0D7D /* QuartzCore.framework */; };
		899754D014EEFCC40046B1DA /* JSONKit.m in Sources */ = {isa = PBXBuildFile; fileRef = 899754CF14EEFCC40046B1DA /* JSONKit.m */; };
		899754D414EF0FB60046B1DA /* ChildManager.m in Sources */ = {isa = PBXBuildFile; fileRef = 899754D314EF0FB60046B1DA /* ChildManager.m */; };
		899C095014EAD9A000DDC780 /* LoadView.m in Sources */ = {isa = PBXBuildFile; fileRef = 899C094F14EAD9A000DDC780 /* LoadView.m */; };
		899C095414EAE43900DDC780 /* LoadViewController.m in Sources */ = {isa = PBXBuildFile; fileRef = 899C095314EAE43900DDC780 /* LoadViewController.m */; };
		899C095614EAE57000DDC780 /* LoadView.xib in Resources */ = {isa = PBXBuildFile; fileRef = 899C095514EAE57000DDC780 /* LoadView.xib */; };
		899F4C7414ED7E9400B8C553 /* SafetyWebRequest.m in Sources */ = {isa = PBXBuildFile; fileRef = 899F4C7314ED7E9400B8C553 /* SafetyWebRequest.m */; };
		89A15E5014F597CA00BF1A18 /* JSONKit.m in Sources */ = {isa = PBXBuildFile; fileRef = 899754CF14EEFCC40046B1DA /* JSONKit.m */; };
		89A15E5214F597CA00BF1A18 /* SafetyWebRequest.m in Sources */ = {isa = PBXBuildFile; fileRef = 899F4C7314ED7E9400B8C553 /* SafetyWebRequest.m */; };
		89A15E5414F597DF00BF1A18 /* Utilities.m in Sources */ = {isa = PBXBuildFile; fileRef = 8984675414E1ADEB00B997D5 /* Utilities.m */; };
		89A15E5614F597DF00BF1A18 /* AppProperties.m in Sources */ = {isa = PBXBuildFile; fileRef = 89740AB314EC6D4A0064E64A /* AppProperties.m */; };
		89A15E5714F59AE100BF1A18 /* AppProperties.plist in Resources */ = {isa = PBXBuildFile; fileRef = 89740AB514EC6D8C0064E64A /* AppProperties.plist */; };
		89A15E5814F59AE100BF1A18 /* AppProperties.dev.plist in Resources */ = {isa = PBXBuildFile; fileRef = 89740ABB14EC70E40064E64A /* AppProperties.dev.plist */; };
		89A15E5914F59AE100BF1A18 /* AppProperties.prod.plist in Resources */ = {isa = PBXBuildFile; fileRef = 89740ABC14EC70E40064E64A /* AppProperties.prod.plist */; };
		89A1C508150FFEA90097F2F1 /* AlertsViewController.m in Sources */ = {isa = PBXBuildFile; fileRef = 89A1C506150FFEA80097F2F1 /* AlertsViewController.m */; };
		89A1C50B150FFF720097F2F1 /* AlertsViewController.xib in Resources */ = {isa = PBXBuildFile; fileRef = 89A1C50A150FFF720097F2F1 /* AlertsViewController.xib */; };
		89A1C510151000300097F2F1 /* point.png in Resources */ = {isa = PBXBuildFile; fileRef = 89A1C50E151000300097F2F1 /* point.png */; };
		89A1C512151000530097F2F1 /* eiffel.png in Resources */ = {isa = PBXBuildFile; fileRef = 89A1C511151000530097F2F1 /* eiffel.png */; };
		89A1C516151005EC0097F2F1 /* CheckInViewController.m in Sources */ = {isa = PBXBuildFile; fileRef = 89A1C514151005EC0097F2F1 /* CheckInViewController.m */; };
		89A1C517151005EC0097F2F1 /* CheckInViewController.xib in Resources */ = {isa = PBXBuildFile; fileRef = 89A1C515151005EC0097F2F1 /* CheckInViewController.xib */; };
		89A1C519151006510097F2F1 /* butterfly.png in Resources */ = {isa = PBXBuildFile; fileRef = 89A1C518151006510097F2F1 /* butterfly.png */; };
		89A79015152121CF006BCFDD /* SWMenuViewController.m in Sources */ = {isa = PBXBuildFile; fileRef = 89A79014152121CF006BCFDD /* SWMenuViewController.m */; };
		89AA20AB14F582500082C7B5 /* UIKit.framework in Frameworks */ = {isa = PBXBuildFile; fileRef = 897E980914DB02C3007595A7 /* UIKit.framework */; };
		89AA20AC14F582500082C7B5 /* Foundation.framework in Frameworks */ = {isa = PBXBuildFile; fileRef = 897E980B14DB02C3007595A7 /* Foundation.framework */; };
		89AA20AD14F582500082C7B5 /* CoreGraphics.framework in Frameworks */ = {isa = PBXBuildFile; fileRef = 897E980D14DB02C3007595A7 /* CoreGraphics.framework */; };
		89AA20B314F582500082C7B5 /* InfoPlist.strings in Resources */ = {isa = PBXBuildFile; fileRef = 89AA20B114F582500082C7B5 /* InfoPlist.strings */; };
		89AA20C814F5851E0082C7B5 /* GHUnitIOSTestMain.m in Sources */ = {isa = PBXBuildFile; fileRef = 89AA20C714F5851E0082C7B5 /* GHUnitIOSTestMain.m */; };
		89AA20CB14F585A70082C7B5 /* SampleTestCase.m in Sources */ = {isa = PBXBuildFile; fileRef = 89AA20CA14F585A70082C7B5 /* SampleTestCase.m */; };
		89AA20CD14F5869B0082C7B5 /* GHUnitIOS.framework in Frameworks */ = {isa = PBXBuildFile; fileRef = 89AA20CC14F5869B0082C7B5 /* GHUnitIOS.framework */; };
		89AA20D014F58AC30082C7B5 /* SafetyWebRequestTestCase.m in Sources */ = {isa = PBXBuildFile; fileRef = 89AA20CF14F58AC30082C7B5 /* SafetyWebRequestTestCase.m */; };
		89B630BA1512628400E25970 /* ImageCacheManager.m in Sources */ = {isa = PBXBuildFile; fileRef = 89B630B91512628400E25970 /* ImageCacheManager.m */; };
		89B630BE1512630A00E25970 /* NSString+MD5.m in Sources */ = {isa = PBXBuildFile; fileRef = 89B630BD1512630A00E25970 /* NSString+MD5.m */; };
		89B630C215127EE800E25970 /* MyPeopleViewController.m in Sources */ = {isa = PBXBuildFile; fileRef = 89B630C015127EE700E25970 /* MyPeopleViewController.m */; };
		89B630C315127EE800E25970 /* MyPeopleViewController.xib in Resources */ = {isa = PBXBuildFile; fileRef = 89B630C115127EE700E25970 /* MyPeopleViewController.xib */; };
		89B630E815129A6A00E25970 /* CheckInCellController.m in Sources */ = {isa = PBXBuildFile; fileRef = 89B630E615129A6900E25970 /* CheckInCellController.m */; };
		89B630E915129A6A00E25970 /* CheckInCellController.xib in Resources */ = {isa = PBXBuildFile; fileRef = 89B630E715129A6A00E25970 /* CheckInCellController.xib */; };
		89B630ED1512A4E700E25970 /* dark_zebra_BG.png in Resources */ = {isa = PBXBuildFile; fileRef = 89B630EC1512A4E700E25970 /* dark_zebra_BG.png */; };
		89B977971517905E0046E102 /* MyPeopleCellController.m in Sources */ = {isa = PBXBuildFile; fileRef = 89B977951517905E0046E102 /* MyPeopleCellController.m */; };
		89B977981517905E0046E102 /* MyPeopleCellController.xib in Resources */ = {isa = PBXBuildFile; fileRef = 89B977961517905E0046E102 /* MyPeopleCellController.xib */; };
		89BB2077152D1BD000861485 /* libz.dylib in Frameworks */ = {isa = PBXBuildFile; fileRef = 89BDA8991526323A004FEF30 /* libz.dylib */; };
		89BD10E51524FAA600141BFA /* SMSAlertCellController.m in Sources */ = {isa = PBXBuildFile; fileRef = 89BD10E31524FAA600141BFA /* SMSAlertCellController.m */; };
		89BD10E61524FAA600141BFA /* SMSAlertCellController.xib in Resources */ = {isa = PBXBuildFile; fileRef = 89BD10E41524FAA600141BFA /* SMSAlertCellController.xib */; };
		89BD10E81524FB7700141BFA /* sms_icon.png in Resources */ = {isa = PBXBuildFile; fileRef = 89BD10E71524FB7700141BFA /* sms_icon.png */; };
		89BD10EB1524FDBF00141BFA /* SMSAlert.m in Sources */ = {isa = PBXBuildFile; fileRef = 89BD10EA1524FDBF00141BFA /* SMSAlert.m */; };
		89BD10EE152509B900141BFA /* CheckInAlert.m in Sources */ = {isa = PBXBuildFile; fileRef = 89BD10ED152509B900141BFA /* CheckInAlert.m */; };
		89BD10F215250B2300141BFA /* CheckInAlertCellController.m in Sources */ = {isa = PBXBuildFile; fileRef = 89BD10F015250B2200141BFA /* CheckInAlertCellController.m */; };
		89BD10F315250B2300141BFA /* CheckInAlertCellController.xib in Resources */ = {isa = PBXBuildFile; fileRef = 89BD10F115250B2300141BFA /* CheckInAlertCellController.xib */; };
		89BD10F515250BFE00141BFA /* pin_icon.png in Resources */ = {isa = PBXBuildFile; fileRef = 89BD10F415250BFE00141BFA /* pin_icon.png */; };
		89BD10F71525195400141BFA /* CoreLocation.framework in Frameworks */ = {isa = PBXBuildFile; fileRef = 89BD10F61525195400141BFA /* CoreLocation.framework */; };
		89BDA89A1526323A004FEF30 /* libz.dylib in Frameworks */ = {isa = PBXBuildFile; fileRef = 89BDA8991526323A004FEF30 /* libz.dylib */; };
		89BDA89F15263259004FEF30 /* SystemConfiguration.framework in Frameworks */ = {isa = PBXBuildFile; fileRef = 89BDA89E15263259004FEF30 /* SystemConfiguration.framework */; };
		89BDA8A315263277004FEF30 /* CoreData.framework in Frameworks */ = {isa = PBXBuildFile; fileRef = 89BDA8A215263277004FEF30 /* CoreData.framework */; };
		89E61BBF152DF175005FD0B9 /* MapKit.framework in Frameworks */ = {isa = PBXBuildFile; fileRef = 895B327D152D160D00D8C60B /* MapKit.framework */; };
		89E61BC0152DF17D005FD0B9 /* MapKit.framework in Frameworks */ = {isa = PBXBuildFile; fileRef = 895B327D152D160D00D8C60B /* MapKit.framework */; };
/* End PBXBuildFile section */

/* Begin PBXFileReference section */
		8901AE5D14EDCA7300059179 /* LoginLoadViewController.h */ = {isa = PBXFileReference; fileEncoding = 4; lastKnownFileType = sourcecode.c.h; path = LoginLoadViewController.h; sourceTree = "<group>"; };
		8901AE5E14EDCA7300059179 /* LoginLoadViewController.m */ = {isa = PBXFileReference; fileEncoding = 4; lastKnownFileType = sourcecode.c.objc; path = LoginLoadViewController.m; sourceTree = "<group>"; };
		890DC3DC1523D1F100C5458B /* FacebookAlert.h */ = {isa = PBXFileReference; fileEncoding = 4; lastKnownFileType = sourcecode.c.h; path = FacebookAlert.h; sourceTree = "<group>"; };
		890DC3DD1523D1F100C5458B /* FacebookAlert.m */ = {isa = PBXFileReference; fileEncoding = 4; lastKnownFileType = sourcecode.c.objc; path = FacebookAlert.m; sourceTree = "<group>"; };
		891451491522541300800262 /* SettingsViewController.h */ = {isa = PBXFileReference; fileEncoding = 4; lastKnownFileType = sourcecode.c.h; path = SettingsViewController.h; sourceTree = "<group>"; };
		8914514A1522541300800262 /* SettingsViewController.m */ = {isa = PBXFileReference; fileEncoding = 4; lastKnownFileType = sourcecode.c.objc; path = SettingsViewController.m; sourceTree = "<group>"; };
		8914514B1522541300800262 /* SettingsViewController.xib */ = {isa = PBXFileReference; fileEncoding = 4; lastKnownFileType = file.xib; path = SettingsViewController.xib; sourceTree = "<group>"; };
		8936AFE0150FC28B005C8237 /* MenuViewController.h */ = {isa = PBXFileReference; fileEncoding = 4; lastKnownFileType = sourcecode.c.h; path = MenuViewController.h; sourceTree = "<group>"; };
		8936AFE1150FC28B005C8237 /* MenuViewController.m */ = {isa = PBXFileReference; fileEncoding = 4; lastKnownFileType = sourcecode.c.objc; path = MenuViewController.m; sourceTree = "<group>"; };
		8936AFE2150FC28B005C8237 /* MenuViewController.xib */ = {isa = PBXFileReference; fileEncoding = 4; lastKnownFileType = file.xib; path = MenuViewController.xib; sourceTree = "<group>"; };
		8936AFE6150FC6D2005C8237 /* MenuItem.h */ = {isa = PBXFileReference; fileEncoding = 4; lastKnownFileType = sourcecode.c.h; path = MenuItem.h; sourceTree = "<group>"; };
		8936AFE7150FC6D2005C8237 /* MenuItem.m */ = {isa = PBXFileReference; fileEncoding = 4; lastKnownFileType = sourcecode.c.objc; path = MenuItem.m; sourceTree = "<group>"; };
		893F9D4014E1F58D0074C5EC /* AccountSetup1View.xib */ = {isa = PBXFileReference; fileEncoding = 4; lastKnownFileType = file.xib; path = AccountSetup1View.xib; sourceTree = "<group>"; };
		893F9D4314E1F5990074C5EC /* AccountSetup2View.xib */ = {isa = PBXFileReference; fileEncoding = 4; lastKnownFileType = file.xib; path = AccountSetup2View.xib; sourceTree = "<group>"; };
		893F9D4514E1F5CD0074C5EC /* AccountSetup1ViewController.h */ = {isa = PBXFileReference; fileEncoding = 4; lastKnownFileType = sourcecode.c.h; path = AccountSetup1ViewController.h; sourceTree = "<group>"; };
		893F9D4614E1F5CD0074C5EC /* AccountSetup1ViewController.m */ = {isa = PBXFileReference; fileEncoding = 4; lastKnownFileType = sourcecode.c.objc; path = AccountSetup1ViewController.m; sourceTree = "<group>"; };
		893F9D4814E1F5DE0074C5EC /* AccountSetup2ViewController.h */ = {isa = PBXFileReference; fileEncoding = 4; lastKnownFileType = sourcecode.c.h; path = AccountSetup2ViewController.h; sourceTree = "<group>"; };
		893F9D4914E1F5DE0074C5EC /* AccountSetup2ViewController.m */ = {isa = PBXFileReference; fileEncoding = 4; lastKnownFileType = sourcecode.c.objc; path = AccountSetup2ViewController.m; sourceTree = "<group>"; };
		895B327D152D160D00D8C60B /* MapKit.framework */ = {isa = PBXFileReference; lastKnownFileType = wrapper.framework; name = MapKit.framework; path = System/Library/Frameworks/MapKit.framework; sourceTree = SDKROOT; };
		89740A6C14EC56420064E64A /* Back.png */ = {isa = PBXFileReference; lastKnownFileType = image.png; path = Back.png; sourceTree = "<group>"; };
		89740A6D14EC56420064E64A /* Back@2x.png */ = {isa = PBXFileReference; lastKnownFileType = image.png; path = "Back@2x.png"; sourceTree = "<group>"; };
		89740A7014EC56540064E64A /* Default.png */ = {isa = PBXFileReference; lastKnownFileType = image.png; path = Default.png; sourceTree = "<group>"; };
		89740A7114EC56540064E64A /* Default@2x.png */ = {isa = PBXFileReference; lastKnownFileType = image.png; path = "Default@2x.png"; sourceTree = "<group>"; };
		89740A7414EC567A0064E64A /* StandardBackground_Logo.png */ = {isa = PBXFileReference; lastKnownFileType = image.png; path = StandardBackground_Logo.png; sourceTree = "<group>"; };
		89740A7514EC567A0064E64A /* StandardBackground_Logo@2x.png */ = {isa = PBXFileReference; lastKnownFileType = image.png; path = "StandardBackground_Logo@2x.png"; sourceTree = "<group>"; };
		89740A7614EC567A0064E64A /* StandardBackground.png */ = {isa = PBXFileReference; lastKnownFileType = image.png; path = StandardBackground.png; sourceTree = "<group>"; };
		89740A7714EC567A0064E64A /* StandardBackground@2x.png */ = {isa = PBXFileReference; lastKnownFileType = image.png; path = "StandardBackground@2x.png"; sourceTree = "<group>"; };
		89740A7C14EC573B0064E64A /* MobileOptIn.png */ = {isa = PBXFileReference; lastKnownFileType = image.png; path = MobileOptIn.png; sourceTree = "<group>"; };
		89740A7D14EC573B0064E64A /* MobileOptIn@2x.png */ = {isa = PBXFileReference; lastKnownFileType = image.png; path = "MobileOptIn@2x.png"; sourceTree = "<group>"; };
		89740A8014EC57B50064E64A /* Background_SignIn.png */ = {isa = PBXFileReference; lastKnownFileType = image.png; path = Background_SignIn.png; sourceTree = "<group>"; };
		89740A8114EC57B50064E64A /* Background_SignIn@2x.png */ = {isa = PBXFileReference; lastKnownFileType = image.png; path = "Background_SignIn@2x.png"; sourceTree = "<group>"; };
		89740A8414EC58690064E64A /* Button_Blue_LG.png */ = {isa = PBXFileReference; lastKnownFileType = image.png; path = Button_Blue_LG.png; sourceTree = "<group>"; };
		89740A8514EC58690064E64A /* Button_Blue_LG@2x.png */ = {isa = PBXFileReference; lastKnownFileType = image.png; path = "Button_Blue_LG@2x.png"; sourceTree = "<group>"; };
		89740A8814EC59320064E64A /* MobileAlertSetup1.png */ = {isa = PBXFileReference; lastKnownFileType = image.png; path = MobileAlertSetup1.png; sourceTree = "<group>"; };
		89740A8914EC59320064E64A /* MobileAlertSetup1@2x.png */ = {isa = PBXFileReference; lastKnownFileType = image.png; path = "MobileAlertSetup1@2x.png"; sourceTree = "<group>"; };
		89740A8C14EC599E0064E64A /* MobileAlertSetup2.png */ = {isa = PBXFileReference; lastKnownFileType = image.png; path = MobileAlertSetup2.png; sourceTree = "<group>"; };
		89740A8D14EC599E0064E64A /* MobileAlertSetup2@2x.png */ = {isa = PBXFileReference; lastKnownFileType = image.png; path = "MobileAlertSetup2@2x.png"; sourceTree = "<group>"; };
		89740AA014EC5A620064E64A /* ServiceProviderATT.png */ = {isa = PBXFileReference; lastKnownFileType = image.png; path = ServiceProviderATT.png; sourceTree = "<group>"; };
		89740AA114EC5A620064E64A /* ServiceProviderATT@2x.png */ = {isa = PBXFileReference; lastKnownFileType = image.png; path = "ServiceProviderATT@2x.png"; sourceTree = "<group>"; };
		89740AA214EC5A620064E64A /* ServiceProviderSprint.png */ = {isa = PBXFileReference; lastKnownFileType = image.png; path = ServiceProviderSprint.png; sourceTree = "<group>"; };
		89740AA314EC5A620064E64A /* ServiceProviderSprint@2x.png */ = {isa = PBXFileReference; lastKnownFileType = image.png; path = "ServiceProviderSprint@2x.png"; sourceTree = "<group>"; };
		89740AA414EC5A620064E64A /* ServiceProviderTMobile.png */ = {isa = PBXFileReference; lastKnownFileType = image.png; path = ServiceProviderTMobile.png; sourceTree = "<group>"; };
		89740AA514EC5A620064E64A /* ServiceProviderTMobile@2x.png */ = {isa = PBXFileReference; lastKnownFileType = image.png; path = "ServiceProviderTMobile@2x.png"; sourceTree = "<group>"; };
		89740AA614EC5A620064E64A /* ServiceProviderVerizon.png */ = {isa = PBXFileReference; lastKnownFileType = image.png; path = ServiceProviderVerizon.png; sourceTree = "<group>"; };
		89740AA714EC5A620064E64A /* ServiceProviderVerizon@2x.png */ = {isa = PBXFileReference; lastKnownFileType = image.png; path = "ServiceProviderVerizon@2x.png"; sourceTree = "<group>"; };
		89740AB214EC6D4A0064E64A /* AppProperties.h */ = {isa = PBXFileReference; fileEncoding = 4; lastKnownFileType = sourcecode.c.h; path = AppProperties.h; sourceTree = "<group>"; };
		89740AB314EC6D4A0064E64A /* AppProperties.m */ = {isa = PBXFileReference; fileEncoding = 4; lastKnownFileType = sourcecode.c.objc; path = AppProperties.m; sourceTree = "<group>"; };
		89740AB514EC6D8C0064E64A /* AppProperties.plist */ = {isa = PBXFileReference; fileEncoding = 4; lastKnownFileType = text.plist.xml; path = AppProperties.plist; sourceTree = "<group>"; };
		89740ABB14EC70E40064E64A /* AppProperties.dev.plist */ = {isa = PBXFileReference; fileEncoding = 4; lastKnownFileType = text.plist.xml; path = AppProperties.dev.plist; sourceTree = "<group>"; };
		89740ABC14EC70E40064E64A /* AppProperties.prod.plist */ = {isa = PBXFileReference; fileEncoding = 4; lastKnownFileType = text.plist.xml; path = AppProperties.prod.plist; sourceTree = "<group>"; };
		897BBC6914F4171700377684 /* LoadingScreen.png */ = {isa = PBXFileReference; lastKnownFileType = image.png; path = LoadingScreen.png; sourceTree = "<group>"; };
		897BBC6A14F4171700377684 /* LoadingScreen@2X.png */ = {isa = PBXFileReference; lastKnownFileType = image.png; path = "LoadingScreen@2X.png"; sourceTree = "<group>"; };
		897BBC6E14F41D6800377684 /* ATT_btn_off.png */ = {isa = PBXFileReference; lastKnownFileType = image.png; path = ATT_btn_off.png; sourceTree = "<group>"; };
		897BBC6F14F41D6800377684 /* ATT_btn_off@2X.png */ = {isa = PBXFileReference; lastKnownFileType = image.png; path = "ATT_btn_off@2X.png"; sourceTree = "<group>"; };
		897BBC7014F41D6800377684 /* ATT_btn_on.png */ = {isa = PBXFileReference; lastKnownFileType = image.png; path = ATT_btn_on.png; sourceTree = "<group>"; };
		897BBC7114F41D6900377684 /* ATT_btn_on@2X.png */ = {isa = PBXFileReference; lastKnownFileType = image.png; path = "ATT_btn_on@2X.png"; sourceTree = "<group>"; };
		897BBC7214F41D6900377684 /* Sprint_btn_off.png */ = {isa = PBXFileReference; lastKnownFileType = image.png; path = Sprint_btn_off.png; sourceTree = "<group>"; };
		897BBC7314F41D6900377684 /* Sprint_btn_off@2X.png */ = {isa = PBXFileReference; lastKnownFileType = image.png; path = "Sprint_btn_off@2X.png"; sourceTree = "<group>"; };
		897BBC7414F41D6900377684 /* Sprint_btn_on.png */ = {isa = PBXFileReference; lastKnownFileType = image.png; path = Sprint_btn_on.png; sourceTree = "<group>"; };
		897BBC7514F41D6900377684 /* Sprint_btn_on@2X.png */ = {isa = PBXFileReference; lastKnownFileType = image.png; path = "Sprint_btn_on@2X.png"; sourceTree = "<group>"; };
		897BBC7614F41D6900377684 /* TMobile_btn_off.png */ = {isa = PBXFileReference; lastKnownFileType = image.png; path = TMobile_btn_off.png; sourceTree = "<group>"; };
		897BBC7714F41D6A00377684 /* TMobile_btn_off@2X.png */ = {isa = PBXFileReference; lastKnownFileType = image.png; path = "TMobile_btn_off@2X.png"; sourceTree = "<group>"; };
		897BBC7814F41D6A00377684 /* TMobile_btn_on.png */ = {isa = PBXFileReference; lastKnownFileType = image.png; path = TMobile_btn_on.png; sourceTree = "<group>"; };
		897BBC7914F41D6A00377684 /* TMobile_btn_on@2X.png */ = {isa = PBXFileReference; lastKnownFileType = image.png; path = "TMobile_btn_on@2X.png"; sourceTree = "<group>"; };
		897BBC7A14F41D6A00377684 /* Verizon_btn_off.png */ = {isa = PBXFileReference; lastKnownFileType = image.png; path = Verizon_btn_off.png; sourceTree = "<group>"; };
		897BBC7B14F41D6A00377684 /* Verizon_btn_off@2X.png */ = {isa = PBXFileReference; lastKnownFileType = image.png; path = "Verizon_btn_off@2X.png"; sourceTree = "<group>"; };
		897BBC7C14F41D6A00377684 /* Verizon_btn_on.png */ = {isa = PBXFileReference; lastKnownFileType = image.png; path = Verizon_btn_on.png; sourceTree = "<group>"; };
		897BBC7D14F41D6B00377684 /* Verizon_btn_on@2X.png */ = {isa = PBXFileReference; lastKnownFileType = image.png; path = "Verizon_btn_on@2X.png"; sourceTree = "<group>"; };
		897D348515114BFD00967F5D /* ResetPasswordLoadViewController.h */ = {isa = PBXFileReference; fileEncoding = 4; lastKnownFileType = sourcecode.c.h; path = ResetPasswordLoadViewController.h; sourceTree = "<group>"; };
		897D348615114BFD00967F5D /* ResetPasswordLoadViewController.m */ = {isa = PBXFileReference; fileEncoding = 4; lastKnownFileType = sourcecode.c.objc; path = ResetPasswordLoadViewController.m; sourceTree = "<group>"; };
		897E980514DB02C3007595A7 /* SafetyWeb.app */ = {isa = PBXFileReference; explicitFileType = wrapper.application; includeInIndex = 0; path = SafetyWeb.app; sourceTree = BUILT_PRODUCTS_DIR; };
		897E980914DB02C3007595A7 /* UIKit.framework */ = {isa = PBXFileReference; lastKnownFileType = wrapper.framework; name = UIKit.framework; path = System/Library/Frameworks/UIKit.framework; sourceTree = SDKROOT; };
		897E980B14DB02C3007595A7 /* Foundation.framework */ = {isa = PBXFileReference; lastKnownFileType = wrapper.framework; name = Foundation.framework; path = System/Library/Frameworks/Foundation.framework; sourceTree = SDKROOT; };
		897E980D14DB02C3007595A7 /* CoreGraphics.framework */ = {isa = PBXFileReference; lastKnownFileType = wrapper.framework; name = CoreGraphics.framework; path = System/Library/Frameworks/CoreGraphics.framework; sourceTree = SDKROOT; };
		897E981114DB02C3007595A7 /* SafetyWeb-Info.plist */ = {isa = PBXFileReference; lastKnownFileType = text.plist.xml; path = "SafetyWeb-Info.plist"; sourceTree = "<group>"; };
		897E981314DB02C3007595A7 /* en */ = {isa = PBXFileReference; lastKnownFileType = text.plist.strings; name = en; path = en.lproj/InfoPlist.strings; sourceTree = "<group>"; };
		897E981514DB02C3007595A7 /* main.m */ = {isa = PBXFileReference; lastKnownFileType = sourcecode.c.objc; path = main.m; sourceTree = "<group>"; };
		897E981714DB02C3007595A7 /* SafetyWeb-Prefix.pch */ = {isa = PBXFileReference; lastKnownFileType = sourcecode.c.h; path = "SafetyWeb-Prefix.pch"; sourceTree = "<group>"; };
		897E981814DB02C3007595A7 /* SWAppDelegate.h */ = {isa = PBXFileReference; lastKnownFileType = sourcecode.c.h; path = SWAppDelegate.h; sourceTree = "<group>"; };
		897E981914DB02C3007595A7 /* SWAppDelegate.m */ = {isa = PBXFileReference; lastKnownFileType = sourcecode.c.objc; path = SWAppDelegate.m; sourceTree = "<group>"; };
		897E982114DB02C3007595A7 /* SenTestingKit.framework */ = {isa = PBXFileReference; lastKnownFileType = wrapper.framework; name = SenTestingKit.framework; path = Library/Frameworks/SenTestingKit.framework; sourceTree = DEVELOPER_DIR; };
		897E984014DB1255007595A7 /* RootViewController.h */ = {isa = PBXFileReference; fileEncoding = 4; lastKnownFileType = sourcecode.c.h; path = RootViewController.h; sourceTree = "<group>"; };
		897E984114DB1255007595A7 /* RootViewController.m */ = {isa = PBXFileReference; fileEncoding = 4; lastKnownFileType = sourcecode.c.objc; path = RootViewController.m; sourceTree = "<group>"; };
		897E984314DB12AE007595A7 /* LoginViewController.h */ = {isa = PBXFileReference; fileEncoding = 4; lastKnownFileType = sourcecode.c.h; path = LoginViewController.h; sourceTree = "<group>"; };
		897E984414DB12AE007595A7 /* LoginViewController.m */ = {isa = PBXFileReference; fileEncoding = 4; lastKnownFileType = sourcecode.c.objc; path = LoginViewController.m; sourceTree = "<group>"; };
		897E984614DB1478007595A7 /* UserManager.h */ = {isa = PBXFileReference; fileEncoding = 4; lastKnownFileType = sourcecode.c.h; path = UserManager.h; sourceTree = "<group>"; };
		897E984714DB1478007595A7 /* UserManager.m */ = {isa = PBXFileReference; fileEncoding = 4; lastKnownFileType = sourcecode.c.objc; path = UserManager.m; sourceTree = "<group>"; };
		897FD2541517E7EB00B7F0D0 /* top_shadow.png */ = {isa = PBXFileReference; lastKnownFileType = image.png; path = top_shadow.png; sourceTree = "<group>"; };
		897FD2571517E80D00B7F0D0 /* bottom_shadow.png */ = {isa = PBXFileReference; lastKnownFileType = image.png; path = bottom_shadow.png; sourceTree = "<group>"; };
		897FD2591517E9DE00B7F0D0 /* ViewProfileViewController.h */ = {isa = PBXFileReference; fileEncoding = 4; lastKnownFileType = sourcecode.c.h; path = ViewProfileViewController.h; sourceTree = "<group>"; };
		897FD25A1517E9DF00B7F0D0 /* ViewProfileViewController.m */ = {isa = PBXFileReference; fileEncoding = 4; lastKnownFileType = sourcecode.c.objc; path = ViewProfileViewController.m; sourceTree = "<group>"; };
		897FD25B1517E9DF00B7F0D0 /* ViewProfileViewController.xib */ = {isa = PBXFileReference; fileEncoding = 4; lastKnownFileType = file.xib; path = ViewProfileViewController.xib; sourceTree = "<group>"; };
		8981393515238A38003B6A0D /* BingMaps.Resources.bundle */ = {isa = PBXFileReference; lastKnownFileType = "wrapper.plug-in"; path = BingMaps.Resources.bundle; sourceTree = "<group>"; };
		898139461523A04B003B6A0D /* AlertManager.h */ = {isa = PBXFileReference; fileEncoding = 4; lastKnownFileType = sourcecode.c.h; path = AlertManager.h; sourceTree = "<group>"; };
		898139471523A04B003B6A0D /* AlertManager.m */ = {isa = PBXFileReference; fileEncoding = 4; lastKnownFileType = sourcecode.c.objc; path = AlertManager.m; sourceTree = "<group>"; };
		8981394B1523BF95003B6A0D /* FacebookAlertCellController.h */ = {isa = PBXFileReference; fileEncoding = 4; lastKnownFileType = sourcecode.c.h; path = FacebookAlertCellController.h; sourceTree = "<group>"; };
		8981394C1523BF96003B6A0D /* FacebookAlertCellController.m */ = {isa = PBXFileReference; fileEncoding = 4; lastKnownFileType = sourcecode.c.objc; path = FacebookAlertCellController.m; sourceTree = "<group>"; };
		8981394D1523BF96003B6A0D /* FacebookAlertCellController.xib */ = {isa = PBXFileReference; fileEncoding = 4; lastKnownFileType = file.xib; path = FacebookAlertCellController.xib; sourceTree = "<group>"; };
		898139501523C066003B6A0D /* facebook_icon.png */ = {isa = PBXFileReference; lastKnownFileType = image.png; path = facebook_icon.png; sourceTree = "<group>"; };
		89838DB014E30F8B00CDCDBC /* AccountSetupModel.h */ = {isa = PBXFileReference; fileEncoding = 4; lastKnownFileType = sourcecode.c.h; path = AccountSetupModel.h; sourceTree = "<group>"; };
		89838DB114E30F8B00CDCDBC /* AccountSetupModel.m */ = {isa = PBXFileReference; fileEncoding = 4; lastKnownFileType = sourcecode.c.objc; path = AccountSetupModel.m; sourceTree = "<group>"; };
		898441CE14E474530047CDFE /* AccountSetupViewController.h */ = {isa = PBXFileReference; fileEncoding = 4; lastKnownFileType = sourcecode.c.h; path = AccountSetupViewController.h; sourceTree = "<group>"; };
		898441CF14E474540047CDFE /* AccountSetupViewController.m */ = {isa = PBXFileReference; fileEncoding = 4; lastKnownFileType = sourcecode.c.objc; path = AccountSetupViewController.m; sourceTree = "<group>"; };
		898441D114E483E80047CDFE /* MobileOptInViewController.h */ = {isa = PBXFileReference; fileEncoding = 4; lastKnownFileType = sourcecode.c.h; path = MobileOptInViewController.h; sourceTree = "<group>"; };
		898441D214E483E80047CDFE /* MobileOptInViewController.m */ = {isa = PBXFileReference; fileEncoding = 4; lastKnownFileType = sourcecode.c.objc; path = MobileOptInViewController.m; sourceTree = "<group>"; };
		898441D414E485010047CDFE /* MobileOptInView.xib */ = {isa = PBXFileReference; fileEncoding = 4; lastKnownFileType = file.xib; path = MobileOptInView.xib; sourceTree = "<group>"; };
		8984674D14E1AA2C00B997D5 /* ResetPasswordViewController.h */ = {isa = PBXFileReference; fileEncoding = 4; lastKnownFileType = sourcecode.c.h; path = ResetPasswordViewController.h; sourceTree = "<group>"; };
		8984674E14E1AA2C00B997D5 /* ResetPasswordViewController.m */ = {isa = PBXFileReference; fileEncoding = 4; lastKnownFileType = sourcecode.c.objc; path = ResetPasswordViewController.m; sourceTree = "<group>"; };
		8984675114E1AB3100B997D5 /* ResetPasswordView.xib */ = {isa = PBXFileReference; fileEncoding = 4; lastKnownFileType = file.xib; path = ResetPasswordView.xib; sourceTree = "<group>"; };
		8984675314E1ADEB00B997D5 /* Utilities.h */ = {isa = PBXFileReference; fileEncoding = 4; lastKnownFileType = sourcecode.c.h; path = Utilities.h; sourceTree = "<group>"; };
		8984675414E1ADEB00B997D5 /* Utilities.m */ = {isa = PBXFileReference; fileEncoding = 4; lastKnownFileType = sourcecode.c.objc; path = Utilities.m; sourceTree = "<group>"; };
		8984675614E1CA1900B997D5 /* ChildsActivityViewController.h */ = {isa = PBXFileReference; fileEncoding = 4; lastKnownFileType = sourcecode.c.h; path = ChildsActivityViewController.h; sourceTree = "<group>"; };
		8984675714E1CA1900B997D5 /* ChildsActivityViewController.m */ = {isa = PBXFileReference; fileEncoding = 4; lastKnownFileType = sourcecode.c.objc; path = ChildsActivityViewController.m; sourceTree = "<group>"; };
		8984675B14E1CA5900B997D5 /* ChildsActivityView.xib */ = {isa = PBXFileReference; fileEncoding = 4; lastKnownFileType = file.xib; path = ChildsActivityView.xib; sourceTree = "<group>"; };
		898651FA14DB5A1E008F353B /* MainWindow.xib */ = {isa = PBXFileReference; fileEncoding = 4; lastKnownFileType = file.xib; path = MainWindow.xib; sourceTree = "<group>"; };
		898651FC14DB5CB7008F353B /* LoginView.xib */ = {isa = PBXFileReference; fileEncoding = 4; lastKnownFileType = file.xib; path = LoginView.xib; sourceTree = "<group>"; };
		89867F1C14E9870100B054B2 /* MobileAlertSetup1ViewController.h */ = {isa = PBXFileReference; fileEncoding = 4; lastKnownFileType = sourcecode.c.h; path = MobileAlertSetup1ViewController.h; sourceTree = "<group>"; };
		89867F1D14E9870100B054B2 /* MobileAlertSetup1ViewController.m */ = {isa = PBXFileReference; fileEncoding = 4; lastKnownFileType = sourcecode.c.objc; path = MobileAlertSetup1ViewController.m; sourceTree = "<group>"; };
		89867F2014E9928500B054B2 /* MobileAlertSetup1View.xib */ = {isa = PBXFileReference; fileEncoding = 4; lastKnownFileType = file.xib; path = MobileAlertSetup1View.xib; sourceTree = "<group>"; };
		89867F2214E99FD500B054B2 /* MobileAlertSetup2ViewController.h */ = {isa = PBXFileReference; fileEncoding = 4; lastKnownFileType = sourcecode.c.h; path = MobileAlertSetup2ViewController.h; sourceTree = "<group>"; };
		89867F2314E99FD500B054B2 /* MobileAlertSetup2ViewController.m */ = {isa = PBXFileReference; fileEncoding = 4; lastKnownFileType = sourcecode.c.objc; path = MobileAlertSetup2ViewController.m; sourceTree = "<group>"; };
		89867F2514E9A65700B054B2 /* MobileAlertSetup2View.xib */ = {isa = PBXFileReference; fileEncoding = 4; lastKnownFileType = file.xib; path = MobileAlertSetup2View.xib; sourceTree = "<group>"; };
		89964B5E14F80DB6006A0D7D /* QuartzCore.framework */ = {isa = PBXFileReference; lastKnownFileType = wrapper.framework; name = QuartzCore.framework; path = System/Library/Frameworks/QuartzCore.framework; sourceTree = SDKROOT; };
		899754CE14EEFCC40046B1DA /* JSONKit.h */ = {isa = PBXFileReference; fileEncoding = 4; lastKnownFileType = sourcecode.c.h; path = JSONKit.h; sourceTree = "<group>"; };
		899754CF14EEFCC40046B1DA /* JSONKit.m */ = {isa = PBXFileReference; fileEncoding = 4; lastKnownFileType = sourcecode.c.objc; path = JSONKit.m; sourceTree = "<group>"; };
		899754D214EF0FB60046B1DA /* ChildManager.h */ = {isa = PBXFileReference; fileEncoding = 4; lastKnownFileType = sourcecode.c.h; path = ChildManager.h; sourceTree = "<group>"; };
		899754D314EF0FB60046B1DA /* ChildManager.m */ = {isa = PBXFileReference; fileEncoding = 4; lastKnownFileType = sourcecode.c.objc; path = ChildManager.m; sourceTree = "<group>"; };
		899C094E14EAD9A000DDC780 /* LoadView.h */ = {isa = PBXFileReference; fileEncoding = 4; lastKnownFileType = sourcecode.c.h; path = LoadView.h; sourceTree = "<group>"; };
		899C094F14EAD9A000DDC780 /* LoadView.m */ = {isa = PBXFileReference; fileEncoding = 4; lastKnownFileType = sourcecode.c.objc; path = LoadView.m; sourceTree = "<group>"; };
		899C095214EAE43900DDC780 /* LoadViewController.h */ = {isa = PBXFileReference; fileEncoding = 4; lastKnownFileType = sourcecode.c.h; path = LoadViewController.h; sourceTree = "<group>"; };
		899C095314EAE43900DDC780 /* LoadViewController.m */ = {isa = PBXFileReference; fileEncoding = 4; lastKnownFileType = sourcecode.c.objc; path = LoadViewController.m; sourceTree = "<group>"; };
		899C095514EAE57000DDC780 /* LoadView.xib */ = {isa = PBXFileReference; fileEncoding = 4; lastKnownFileType = file.xib; path = LoadView.xib; sourceTree = "<group>"; };
		899F4C7214ED7E9400B8C553 /* SafetyWebRequest.h */ = {isa = PBXFileReference; fileEncoding = 4; lastKnownFileType = sourcecode.c.h; path = SafetyWebRequest.h; sourceTree = "<group>"; };
		899F4C7314ED7E9400B8C553 /* SafetyWebRequest.m */ = {isa = PBXFileReference; fileEncoding = 4; lastKnownFileType = sourcecode.c.objc; path = SafetyWebRequest.m; sourceTree = "<group>"; };
		89A1C505150FFEA80097F2F1 /* AlertsViewController.h */ = {isa = PBXFileReference; fileEncoding = 4; lastKnownFileType = sourcecode.c.h; path = AlertsViewController.h; sourceTree = "<group>"; };
		89A1C506150FFEA80097F2F1 /* AlertsViewController.m */ = {isa = PBXFileReference; fileEncoding = 4; lastKnownFileType = sourcecode.c.objc; path = AlertsViewController.m; sourceTree = "<group>"; };
		89A1C50A150FFF720097F2F1 /* AlertsViewController.xib */ = {isa = PBXFileReference; fileEncoding = 4; lastKnownFileType = file.xib; path = AlertsViewController.xib; sourceTree = "<group>"; };
		89A1C50E151000300097F2F1 /* point.png */ = {isa = PBXFileReference; lastKnownFileType = image.png; name = point.png; path = "test images/point.png"; sourceTree = "<group>"; };
		89A1C511151000530097F2F1 /* eiffel.png */ = {isa = PBXFileReference; lastKnownFileType = image.png; name = eiffel.png; path = "test images/eiffel.png"; sourceTree = "<group>"; };
		89A1C513151005EB0097F2F1 /* CheckInViewController.h */ = {isa = PBXFileReference; fileEncoding = 4; lastKnownFileType = sourcecode.c.h; path = CheckInViewController.h; sourceTree = "<group>"; };
		89A1C514151005EC0097F2F1 /* CheckInViewController.m */ = {isa = PBXFileReference; fileEncoding = 4; lastKnownFileType = sourcecode.c.objc; path = CheckInViewController.m; sourceTree = "<group>"; };
		89A1C515151005EC0097F2F1 /* CheckInViewController.xib */ = {isa = PBXFileReference; fileEncoding = 4; lastKnownFileType = file.xib; path = CheckInViewController.xib; sourceTree = "<group>"; };
		89A1C518151006510097F2F1 /* butterfly.png */ = {isa = PBXFileReference; lastKnownFileType = image.png; name = butterfly.png; path = "test images/butterfly.png"; sourceTree = "<group>"; };
		89A79013152121CF006BCFDD /* SWMenuViewController.h */ = {isa = PBXFileReference; fileEncoding = 4; lastKnownFileType = sourcecode.c.h; path = SWMenuViewController.h; sourceTree = "<group>"; };
		89A79014152121CF006BCFDD /* SWMenuViewController.m */ = {isa = PBXFileReference; fileEncoding = 4; lastKnownFileType = sourcecode.c.objc; path = SWMenuViewController.m; sourceTree = "<group>"; };
		89AA20A914F582500082C7B5 /* SafetyWebTests.app */ = {isa = PBXFileReference; explicitFileType = wrapper.application; includeInIndex = 0; path = SafetyWebTests.app; sourceTree = BUILT_PRODUCTS_DIR; };
		89AA20B014F582500082C7B5 /* SafetyWebTests-Info.plist */ = {isa = PBXFileReference; lastKnownFileType = text.plist.xml; path = "SafetyWebTests-Info.plist"; sourceTree = "<group>"; };
		89AA20B214F582500082C7B5 /* en */ = {isa = PBXFileReference; lastKnownFileType = text.plist.strings; name = en; path = en.lproj/InfoPlist.strings; sourceTree = "<group>"; };
		89AA20B614F582500082C7B5 /* SafetyWebTests-Prefix.pch */ = {isa = PBXFileReference; lastKnownFileType = sourcecode.c.h; path = "SafetyWebTests-Prefix.pch"; sourceTree = "<group>"; };
		89AA20C714F5851E0082C7B5 /* GHUnitIOSTestMain.m */ = {isa = PBXFileReference; fileEncoding = 4; lastKnownFileType = sourcecode.c.objc; path = GHUnitIOSTestMain.m; sourceTree = "<group>"; };
		89AA20CA14F585A70082C7B5 /* SampleTestCase.m */ = {isa = PBXFileReference; fileEncoding = 4; lastKnownFileType = sourcecode.c.objc; path = SampleTestCase.m; sourceTree = "<group>"; };
		89AA20CC14F5869B0082C7B5 /* GHUnitIOS.framework */ = {isa = PBXFileReference; lastKnownFileType = wrapper.framework; name = GHUnitIOS.framework; path = SafetyWebTests/GHUnitIOS.framework; sourceTree = SOURCE_ROOT; };
		89AA20CF14F58AC30082C7B5 /* SafetyWebRequestTestCase.m */ = {isa = PBXFileReference; fileEncoding = 4; lastKnownFileType = sourcecode.c.objc; path = SafetyWebRequestTestCase.m; sourceTree = "<group>"; };
		89B630B81512628400E25970 /* ImageCacheManager.h */ = {isa = PBXFileReference; fileEncoding = 4; lastKnownFileType = sourcecode.c.h; path = ImageCacheManager.h; sourceTree = "<group>"; };
		89B630B91512628400E25970 /* ImageCacheManager.m */ = {isa = PBXFileReference; fileEncoding = 4; lastKnownFileType = sourcecode.c.objc; path = ImageCacheManager.m; sourceTree = "<group>"; };
		89B630BC1512630A00E25970 /* NSString+MD5.h */ = {isa = PBXFileReference; fileEncoding = 4; lastKnownFileType = sourcecode.c.h; path = "NSString+MD5.h"; sourceTree = "<group>"; };
		89B630BD1512630A00E25970 /* NSString+MD5.m */ = {isa = PBXFileReference; fileEncoding = 4; lastKnownFileType = sourcecode.c.objc; path = "NSString+MD5.m"; sourceTree = "<group>"; };
		89B630BF15127EE700E25970 /* MyPeopleViewController.h */ = {isa = PBXFileReference; fileEncoding = 4; lastKnownFileType = sourcecode.c.h; path = MyPeopleViewController.h; sourceTree = "<group>"; };
		89B630C015127EE700E25970 /* MyPeopleViewController.m */ = {isa = PBXFileReference; fileEncoding = 4; lastKnownFileType = sourcecode.c.objc; path = MyPeopleViewController.m; sourceTree = "<group>"; };
		89B630C115127EE700E25970 /* MyPeopleViewController.xib */ = {isa = PBXFileReference; fileEncoding = 4; lastKnownFileType = file.xib; path = MyPeopleViewController.xib; sourceTree = "<group>"; };
		89B630E515129A6900E25970 /* CheckInCellController.h */ = {isa = PBXFileReference; fileEncoding = 4; lastKnownFileType = sourcecode.c.h; path = CheckInCellController.h; sourceTree = "<group>"; };
		89B630E615129A6900E25970 /* CheckInCellController.m */ = {isa = PBXFileReference; fileEncoding = 4; lastKnownFileType = sourcecode.c.objc; path = CheckInCellController.m; sourceTree = "<group>"; };
		89B630E715129A6A00E25970 /* CheckInCellController.xib */ = {isa = PBXFileReference; fileEncoding = 4; lastKnownFileType = file.xib; path = CheckInCellController.xib; sourceTree = "<group>"; };
		89B630EC1512A4E700E25970 /* dark_zebra_BG.png */ = {isa = PBXFileReference; lastKnownFileType = image.png; name = dark_zebra_BG.png; path = "test images/dark_zebra_BG.png"; sourceTree = "<group>"; };
		89B977941517905E0046E102 /* MyPeopleCellController.h */ = {isa = PBXFileReference; fileEncoding = 4; lastKnownFileType = sourcecode.c.h; path = MyPeopleCellController.h; sourceTree = "<group>"; };
		89B977951517905E0046E102 /* MyPeopleCellController.m */ = {isa = PBXFileReference; fileEncoding = 4; lastKnownFileType = sourcecode.c.objc; path = MyPeopleCellController.m; sourceTree = "<group>"; };
		89B977961517905E0046E102 /* MyPeopleCellController.xib */ = {isa = PBXFileReference; fileEncoding = 4; lastKnownFileType = file.xib; path = MyPeopleCellController.xib; sourceTree = "<group>"; };
		89BD10E21524FAA600141BFA /* SMSAlertCellController.h */ = {isa = PBXFileReference; fileEncoding = 4; lastKnownFileType = sourcecode.c.h; path = SMSAlertCellController.h; sourceTree = "<group>"; };
		89BD10E31524FAA600141BFA /* SMSAlertCellController.m */ = {isa = PBXFileReference; fileEncoding = 4; lastKnownFileType = sourcecode.c.objc; path = SMSAlertCellController.m; sourceTree = "<group>"; };
		89BD10E41524FAA600141BFA /* SMSAlertCellController.xib */ = {isa = PBXFileReference; fileEncoding = 4; lastKnownFileType = file.xib; path = SMSAlertCellController.xib; sourceTree = "<group>"; };
		89BD10E71524FB7700141BFA /* sms_icon.png */ = {isa = PBXFileReference; lastKnownFileType = image.png; path = sms_icon.png; sourceTree = "<group>"; };
		89BD10E91524FDBF00141BFA /* SMSAlert.h */ = {isa = PBXFileReference; fileEncoding = 4; lastKnownFileType = sourcecode.c.h; path = SMSAlert.h; sourceTree = "<group>"; };
		89BD10EA1524FDBF00141BFA /* SMSAlert.m */ = {isa = PBXFileReference; fileEncoding = 4; lastKnownFileType = sourcecode.c.objc; path = SMSAlert.m; sourceTree = "<group>"; };
		89BD10EC152509B900141BFA /* CheckInAlert.h */ = {isa = PBXFileReference; fileEncoding = 4; lastKnownFileType = sourcecode.c.h; path = CheckInAlert.h; sourceTree = "<group>"; };
		89BD10ED152509B900141BFA /* CheckInAlert.m */ = {isa = PBXFileReference; fileEncoding = 4; lastKnownFileType = sourcecode.c.objc; path = CheckInAlert.m; sourceTree = "<group>"; };
		89BD10EF15250B2200141BFA /* CheckInAlertCellController.h */ = {isa = PBXFileReference; fileEncoding = 4; lastKnownFileType = sourcecode.c.h; path = CheckInAlertCellController.h; sourceTree = "<group>"; };
		89BD10F015250B2200141BFA /* CheckInAlertCellController.m */ = {isa = PBXFileReference; fileEncoding = 4; lastKnownFileType = sourcecode.c.objc; path = CheckInAlertCellController.m; sourceTree = "<group>"; };
		89BD10F115250B2300141BFA /* CheckInAlertCellController.xib */ = {isa = PBXFileReference; fileEncoding = 4; lastKnownFileType = file.xib; path = CheckInAlertCellController.xib; sourceTree = "<group>"; };
		89BD10F415250BFE00141BFA /* pin_icon.png */ = {isa = PBXFileReference; lastKnownFileType = image.png; path = pin_icon.png; sourceTree = "<group>"; };
		89BD10F61525195400141BFA /* CoreLocation.framework */ = {isa = PBXFileReference; lastKnownFileType = wrapper.framework; name = CoreLocation.framework; path = System/Library/Frameworks/CoreLocation.framework; sourceTree = SDKROOT; };
		89BDA8991526323A004FEF30 /* libz.dylib */ = {isa = PBXFileReference; lastKnownFileType = "compiled.mach-o.dylib"; name = libz.dylib; path = usr/lib/libz.dylib; sourceTree = SDKROOT; };
		89BDA89E15263259004FEF30 /* SystemConfiguration.framework */ = {isa = PBXFileReference; lastKnownFileType = wrapper.framework; name = SystemConfiguration.framework; path = System/Library/Frameworks/SystemConfiguration.framework; sourceTree = SDKROOT; };
		89BDA8A215263277004FEF30 /* CoreData.framework */ = {isa = PBXFileReference; lastKnownFileType = wrapper.framework; name = CoreData.framework; path = System/Library/Frameworks/CoreData.framework; sourceTree = SDKROOT; };
/* End PBXFileReference section */

/* Begin PBXFrameworksBuildPhase section */
		897E980214DB02C3007595A7 /* Frameworks */ = {
			isa = PBXFrameworksBuildPhase;
			buildActionMask = 2147483647;
			files = (
				89E61BBF152DF175005FD0B9 /* MapKit.framework in Frameworks */,
				89BDA89A1526323A004FEF30 /* libz.dylib in Frameworks */,
				89BDA89F15263259004FEF30 /* SystemConfiguration.framework in Frameworks */,
				89964B5F14F80DB6006A0D7D /* QuartzCore.framework in Frameworks */,
				89BD10F71525195400141BFA /* CoreLocation.framework in Frameworks */,
				89BDA8A315263277004FEF30 /* CoreData.framework in Frameworks */,
				897E980A14DB02C3007595A7 /* UIKit.framework in Frameworks */,
				897E980C14DB02C3007595A7 /* Foundation.framework in Frameworks */,
				897E980E14DB02C3007595A7 /* CoreGraphics.framework in Frameworks */,
			);
			runOnlyForDeploymentPostprocessing = 0;
		};
		89AA20A614F582500082C7B5 /* Frameworks */ = {
			isa = PBXFrameworksBuildPhase;
			buildActionMask = 2147483647;
			files = (
				89E61BC0152DF17D005FD0B9 /* MapKit.framework in Frameworks */,
				89BB2077152D1BD000861485 /* libz.dylib in Frameworks */,
				89964B6014F80DC0006A0D7D /* QuartzCore.framework in Frameworks */,
				89AA20CD14F5869B0082C7B5 /* GHUnitIOS.framework in Frameworks */,
				89AA20AB14F582500082C7B5 /* UIKit.framework in Frameworks */,
				89AA20AC14F582500082C7B5 /* Foundation.framework in Frameworks */,
				89AA20AD14F582500082C7B5 /* CoreGraphics.framework in Frameworks */,
			);
			runOnlyForDeploymentPostprocessing = 0;
		};
/* End PBXFrameworksBuildPhase section */

/* Begin PBXGroup section */
		8936AFDE150FB415005C8237 /* Login Setup UI */ = {
			isa = PBXGroup;
			children = (
				898651FC14DB5CB7008F353B /* LoginView.xib */,
				8984674D14E1AA2C00B997D5 /* ResetPasswordViewController.h */,
				8984674E14E1AA2C00B997D5 /* ResetPasswordViewController.m */,
				8984675114E1AB3100B997D5 /* ResetPasswordView.xib */,
				8984675614E1CA1900B997D5 /* ChildsActivityViewController.h */,
				8984675714E1CA1900B997D5 /* ChildsActivityViewController.m */,
				8984675B14E1CA5900B997D5 /* ChildsActivityView.xib */,
				893F9D4014E1F58D0074C5EC /* AccountSetup1View.xib */,
				893F9D4314E1F5990074C5EC /* AccountSetup2View.xib */,
				893F9D4514E1F5CD0074C5EC /* AccountSetup1ViewController.h */,
				893F9D4614E1F5CD0074C5EC /* AccountSetup1ViewController.m */,
				893F9D4814E1F5DE0074C5EC /* AccountSetup2ViewController.h */,
				893F9D4914E1F5DE0074C5EC /* AccountSetup2ViewController.m */,
				89838DB014E30F8B00CDCDBC /* AccountSetupModel.h */,
				89838DB114E30F8B00CDCDBC /* AccountSetupModel.m */,
				898441CE14E474530047CDFE /* AccountSetupViewController.h */,
				898441CF14E474540047CDFE /* AccountSetupViewController.m */,
				898441D114E483E80047CDFE /* MobileOptInViewController.h */,
				898441D214E483E80047CDFE /* MobileOptInViewController.m */,
				898441D414E485010047CDFE /* MobileOptInView.xib */,
				89867F1C14E9870100B054B2 /* MobileAlertSetup1ViewController.h */,
				89867F1D14E9870100B054B2 /* MobileAlertSetup1ViewController.m */,
				89867F2014E9928500B054B2 /* MobileAlertSetup1View.xib */,
				89867F2214E99FD500B054B2 /* MobileAlertSetup2ViewController.h */,
				89867F2314E99FD500B054B2 /* MobileAlertSetup2ViewController.m */,
				89867F2514E9A65700B054B2 /* MobileAlertSetup2View.xib */,
				899C094E14EAD9A000DDC780 /* LoadView.h */,
				899C094F14EAD9A000DDC780 /* LoadView.m */,
				899C095214EAE43900DDC780 /* LoadViewController.h */,
				899C095314EAE43900DDC780 /* LoadViewController.m */,
				899C095514EAE57000DDC780 /* LoadView.xib */,
				8901AE5D14EDCA7300059179 /* LoginLoadViewController.h */,
				8901AE5E14EDCA7300059179 /* LoginLoadViewController.m */,
				897E984314DB12AE007595A7 /* LoginViewController.h */,
				897E984414DB12AE007595A7 /* LoginViewController.m */,
				897D348515114BFD00967F5D /* ResetPasswordLoadViewController.h */,
				897D348615114BFD00967F5D /* ResetPasswordLoadViewController.m */,
			);
			name = "Login Setup UI";
			sourceTree = "<group>";
		};
		8936AFE5150FC3B3005C8237 /* Main UI */ = {
			isa = PBXGroup;
			children = (
				8936AFE0150FC28B005C8237 /* MenuViewController.h */,
				8936AFE1150FC28B005C8237 /* MenuViewController.m */,
				8936AFE2150FC28B005C8237 /* MenuViewController.xib */,
				8936AFE6150FC6D2005C8237 /* MenuItem.h */,
				8936AFE7150FC6D2005C8237 /* MenuItem.m */,
				89A1C505150FFEA80097F2F1 /* AlertsViewController.h */,
				89A1C506150FFEA80097F2F1 /* AlertsViewController.m */,
				89A1C50A150FFF720097F2F1 /* AlertsViewController.xib */,
				89A1C513151005EB0097F2F1 /* CheckInViewController.h */,
				89A1C514151005EC0097F2F1 /* CheckInViewController.m */,
				89A1C515151005EC0097F2F1 /* CheckInViewController.xib */,
				89B630BF15127EE700E25970 /* MyPeopleViewController.h */,
				89B630C015127EE700E25970 /* MyPeopleViewController.m */,
				89B630C115127EE700E25970 /* MyPeopleViewController.xib */,
				89B630E515129A6900E25970 /* CheckInCellController.h */,
				89B630E615129A6900E25970 /* CheckInCellController.m */,
				89B630E715129A6A00E25970 /* CheckInCellController.xib */,
				89B977941517905E0046E102 /* MyPeopleCellController.h */,
				89B977951517905E0046E102 /* MyPeopleCellController.m */,
				89B977961517905E0046E102 /* MyPeopleCellController.xib */,
				897FD2591517E9DE00B7F0D0 /* ViewProfileViewController.h */,
				897FD25A1517E9DF00B7F0D0 /* ViewProfileViewController.m */,
				897FD25B1517E9DF00B7F0D0 /* ViewProfileViewController.xib */,
				89A79013152121CF006BCFDD /* SWMenuViewController.h */,
				89A79014152121CF006BCFDD /* SWMenuViewController.m */,
				891451491522541300800262 /* SettingsViewController.h */,
				8914514A1522541300800262 /* SettingsViewController.m */,
				8914514B1522541300800262 /* SettingsViewController.xib */,
				8981394B1523BF95003B6A0D /* FacebookAlertCellController.h */,
				8981394C1523BF96003B6A0D /* FacebookAlertCellController.m */,
				8981394D1523BF96003B6A0D /* FacebookAlertCellController.xib */,
				89BD10E21524FAA600141BFA /* SMSAlertCellController.h */,
				89BD10E31524FAA600141BFA /* SMSAlertCellController.m */,
				89BD10E41524FAA600141BFA /* SMSAlertCellController.xib */,
				89BD10EF15250B2200141BFA /* CheckInAlertCellController.h */,
				89BD10F015250B2200141BFA /* CheckInAlertCellController.m */,
				89BD10F115250B2300141BFA /* CheckInAlertCellController.xib */,
			);
			name = "Main UI";
			sourceTree = "<group>";
		};
		89740AB014EC6C5E0064E64A /* WebInterface */ = {
			isa = PBXGroup;
			children = (
				899F4C7214ED7E9400B8C553 /* SafetyWebRequest.h */,
				899F4C7314ED7E9400B8C553 /* SafetyWebRequest.m */,
			);
			name = WebInterface;
			sourceTree = "<group>";
		};
		89740AB114EC6D2E0064E64A /* Utilities */ = {
			isa = PBXGroup;
			children = (
				89B630BC1512630A00E25970 /* NSString+MD5.h */,
				89B630BD1512630A00E25970 /* NSString+MD5.m */,
				89B630B81512628400E25970 /* ImageCacheManager.h */,
				89B630B91512628400E25970 /* ImageCacheManager.m */,
				8984675314E1ADEB00B997D5 /* Utilities.h */,
				8984675414E1ADEB00B997D5 /* Utilities.m */,
				89740AB214EC6D4A0064E64A /* AppProperties.h */,
				89740AB314EC6D4A0064E64A /* AppProperties.m */,
			);
			name = Utilities;
			sourceTree = "<group>";
		};
		897E97FA14DB02C3007595A7 = {
			isa = PBXGroup;
			children = (
				898441D614E48A240047CDFE /* images */,
				897E980F14DB02C3007595A7 /* SafetyWeb */,
				89AA20AE14F582500082C7B5 /* SafetyWebTests */,
				897E980814DB02C3007595A7 /* Frameworks */,
				897E980614DB02C3007595A7 /* Products */,
			);
			sourceTree = "<group>";
		};
		897E980614DB02C3007595A7 /* Products */ = {
			isa = PBXGroup;
			children = (
				897E980514DB02C3007595A7 /* SafetyWeb.app */,
				89AA20A914F582500082C7B5 /* SafetyWebTests.app */,
			);
			name = Products;
			sourceTree = "<group>";
		};
		897E980814DB02C3007595A7 /* Frameworks */ = {
			isa = PBXGroup;
			children = (
				895B327D152D160D00D8C60B /* MapKit.framework */,
				89BDA8A215263277004FEF30 /* CoreData.framework */,
				89BDA89E15263259004FEF30 /* SystemConfiguration.framework */,
				89BDA8991526323A004FEF30 /* libz.dylib */,
				89BD10F61525195400141BFA /* CoreLocation.framework */,
				89964B5E14F80DB6006A0D7D /* QuartzCore.framework */,
				89AA20CC14F5869B0082C7B5 /* GHUnitIOS.framework */,
				897E980914DB02C3007595A7 /* UIKit.framework */,
				897E980B14DB02C3007595A7 /* Foundation.framework */,
				897E980D14DB02C3007595A7 /* CoreGraphics.framework */,
				897E982114DB02C3007595A7 /* SenTestingKit.framework */,
			);
			name = Frameworks;
			sourceTree = "<group>";
		};
		897E980F14DB02C3007595A7 /* SafetyWeb */ = {
			isa = PBXGroup;
			children = (
				8936AFE5150FC3B3005C8237 /* Main UI */,
				899754D114EF0F270046B1DA /* DataModel */,
				8936AFDE150FB415005C8237 /* Login Setup UI */,
				899754CD14EEFAF50046B1DA /* JSONKit */,
				89740AB114EC6D2E0064E64A /* Utilities */,
				89740AB014EC6C5E0064E64A /* WebInterface */,
				897E981814DB02C3007595A7 /* SWAppDelegate.h */,
				897E981914DB02C3007595A7 /* SWAppDelegate.m */,
				897E981014DB02C3007595A7 /* Supporting Files */,
				897E984014DB1255007595A7 /* RootViewController.h */,
				897E984114DB1255007595A7 /* RootViewController.m */,
				898651FA14DB5A1E008F353B /* MainWindow.xib */,
			);
			path = SafetyWeb;
			sourceTree = "<group>";
		};
		897E981014DB02C3007595A7 /* Supporting Files */ = {
			isa = PBXGroup;
			children = (
				8981393515238A38003B6A0D /* BingMaps.Resources.bundle */,
				897E981114DB02C3007595A7 /* SafetyWeb-Info.plist */,
				897E981214DB02C3007595A7 /* InfoPlist.strings */,
				897E981514DB02C3007595A7 /* main.m */,
				897E981714DB02C3007595A7 /* SafetyWeb-Prefix.pch */,
				89740AB514EC6D8C0064E64A /* AppProperties.plist */,
				89740ABB14EC70E40064E64A /* AppProperties.dev.plist */,
				89740ABC14EC70E40064E64A /* AppProperties.prod.plist */,
			);
			name = "Supporting Files";
			sourceTree = "<group>";
		};
		898441D614E48A240047CDFE /* images */ = {
			isa = PBXGroup;
			children = (
				89BD10F415250BFE00141BFA /* pin_icon.png */,
				89BD10E71524FB7700141BFA /* sms_icon.png */,
				898139501523C066003B6A0D /* facebook_icon.png */,
				897BBC6E14F41D6800377684 /* ATT_btn_off.png */,
				897BBC6F14F41D6800377684 /* ATT_btn_off@2X.png */,
				897BBC7014F41D6800377684 /* ATT_btn_on.png */,
				897BBC7114F41D6900377684 /* ATT_btn_on@2X.png */,
				89740A6C14EC56420064E64A /* Back.png */,
				89740A6D14EC56420064E64A /* Back@2x.png */,
				89740A8014EC57B50064E64A /* Background_SignIn.png */,
				89740A8114EC57B50064E64A /* Background_SignIn@2x.png */,
				897FD2571517E80D00B7F0D0 /* bottom_shadow.png */,
				89740A8414EC58690064E64A /* Button_Blue_LG.png */,
				89740A8514EC58690064E64A /* Button_Blue_LG@2x.png */,
				89740A7014EC56540064E64A /* Default.png */,
				89740A7114EC56540064E64A /* Default@2x.png */,
				897BBC6914F4171700377684 /* LoadingScreen.png */,
				897BBC6A14F4171700377684 /* LoadingScreen@2X.png */,
				89740A8814EC59320064E64A /* MobileAlertSetup1.png */,
				89740A8914EC59320064E64A /* MobileAlertSetup1@2x.png */,
				89740A8C14EC599E0064E64A /* MobileAlertSetup2.png */,
				89740A8D14EC599E0064E64A /* MobileAlertSetup2@2x.png */,
				89740A7C14EC573B0064E64A /* MobileOptIn.png */,
				89740A7D14EC573B0064E64A /* MobileOptIn@2x.png */,
				89740AA014EC5A620064E64A /* ServiceProviderATT.png */,
				89740AA114EC5A620064E64A /* ServiceProviderATT@2x.png */,
				89740AA214EC5A620064E64A /* ServiceProviderSprint.png */,
				89740AA314EC5A620064E64A /* ServiceProviderSprint@2x.png */,
				89740AA414EC5A620064E64A /* ServiceProviderTMobile.png */,
				89740AA514EC5A620064E64A /* ServiceProviderTMobile@2x.png */,
				89740AA614EC5A620064E64A /* ServiceProviderVerizon.png */,
				89740AA714EC5A620064E64A /* ServiceProviderVerizon@2x.png */,
				897BBC7214F41D6900377684 /* Sprint_btn_off.png */,
				897BBC7314F41D6900377684 /* Sprint_btn_off@2X.png */,
				897BBC7414F41D6900377684 /* Sprint_btn_on.png */,
				897BBC7514F41D6900377684 /* Sprint_btn_on@2X.png */,
				89740A7614EC567A0064E64A /* StandardBackground.png */,
				89740A7714EC567A0064E64A /* StandardBackground@2x.png */,
				89740A7414EC567A0064E64A /* StandardBackground_Logo.png */,
				89740A7514EC567A0064E64A /* StandardBackground_Logo@2x.png */,
				89A1C50C150FFFD30097F2F1 /* test images */,
				897BBC7614F41D6900377684 /* TMobile_btn_off.png */,
				897BBC7714F41D6A00377684 /* TMobile_btn_off@2X.png */,
				897BBC7814F41D6A00377684 /* TMobile_btn_on.png */,
				897BBC7914F41D6A00377684 /* TMobile_btn_on@2X.png */,
				897FD2541517E7EB00B7F0D0 /* top_shadow.png */,
				897BBC7A14F41D6A00377684 /* Verizon_btn_off.png */,
				897BBC7B14F41D6A00377684 /* Verizon_btn_off@2X.png */,
				897BBC7C14F41D6A00377684 /* Verizon_btn_on.png */,
				897BBC7D14F41D6B00377684 /* Verizon_btn_on@2X.png */,
			);
			path = images;
			sourceTree = "<group>";
		};
		899754CD14EEFAF50046B1DA /* JSONKit */ = {
			isa = PBXGroup;
			children = (
				899754CE14EEFCC40046B1DA /* JSONKit.h */,
				899754CF14EEFCC40046B1DA /* JSONKit.m */,
			);
			name = JSONKit;
			sourceTree = "<group>";
		};
		899754D114EF0F270046B1DA /* DataModel */ = {
			isa = PBXGroup;
			children = (
				897E984614DB1478007595A7 /* UserManager.h */,
				897E984714DB1478007595A7 /* UserManager.m */,
				899754D214EF0FB60046B1DA /* ChildManager.h */,
				899754D314EF0FB60046B1DA /* ChildManager.m */,
				898139461523A04B003B6A0D /* AlertManager.h */,
				898139471523A04B003B6A0D /* AlertManager.m */,
				890DC3DC1523D1F100C5458B /* FacebookAlert.h */,
				890DC3DD1523D1F100C5458B /* FacebookAlert.m */,
				89BD10E91524FDBF00141BFA /* SMSAlert.h */,
				89BD10EA1524FDBF00141BFA /* SMSAlert.m */,
				89BD10EC152509B900141BFA /* CheckInAlert.h */,
				89BD10ED152509B900141BFA /* CheckInAlert.m */,
			);
			name = DataModel;
			sourceTree = "<group>";
		};
		89A1C50C150FFFD30097F2F1 /* test images */ = {
			isa = PBXGroup;
			children = (
				89B630EC1512A4E700E25970 /* dark_zebra_BG.png */,
				89A1C518151006510097F2F1 /* butterfly.png */,
				89A1C511151000530097F2F1 /* eiffel.png */,
				89A1C50E151000300097F2F1 /* point.png */,
			);
			name = "test images";
			sourceTree = "<group>";
		};
		89AA20AE14F582500082C7B5 /* SafetyWebTests */ = {
			isa = PBXGroup;
			children = (
				89AA20C714F5851E0082C7B5 /* GHUnitIOSTestMain.m */,
				89AA20AF14F582500082C7B5 /* Supporting Files */,
				89AA20CA14F585A70082C7B5 /* SampleTestCase.m */,
				89AA20CF14F58AC30082C7B5 /* SafetyWebRequestTestCase.m */,
			);
			path = SafetyWebTests;
			sourceTree = "<group>";
		};
		89AA20AF14F582500082C7B5 /* Supporting Files */ = {
			isa = PBXGroup;
			children = (
				89AA20B014F582500082C7B5 /* SafetyWebTests-Info.plist */,
				89AA20B114F582500082C7B5 /* InfoPlist.strings */,
				89AA20B614F582500082C7B5 /* SafetyWebTests-Prefix.pch */,
			);
			name = "Supporting Files";
			sourceTree = "<group>";
		};
/* End PBXGroup section */

/* Begin PBXNativeTarget section */
		897E980414DB02C3007595A7 /* SafetyWeb */ = {
			isa = PBXNativeTarget;
			buildConfigurationList = 897E983214DB02C3007595A7 /* Build configuration list for PBXNativeTarget "SafetyWeb" */;
			buildPhases = (
				897E980114DB02C3007595A7 /* Sources */,
				897E980214DB02C3007595A7 /* Frameworks */,
				897E980314DB02C3007595A7 /* Resources */,
			);
			buildRules = (
			);
			dependencies = (
			);
			name = SafetyWeb;
			productName = SafetyWeb;
			productReference = 897E980514DB02C3007595A7 /* SafetyWeb.app */;
			productType = "com.apple.product-type.application";
		};
		89AA20A814F582500082C7B5 /* SafetyWebTests */ = {
			isa = PBXNativeTarget;
			buildConfigurationList = 89AA20C014F582500082C7B5 /* Build configuration list for PBXNativeTarget "SafetyWebTests" */;
			buildPhases = (
				89AA20A514F582500082C7B5 /* Sources */,
				89AA20A614F582500082C7B5 /* Frameworks */,
				89AA20A714F582500082C7B5 /* Resources */,
			);
			buildRules = (
			);
			dependencies = (
			);
			name = SafetyWebTests;
			productName = SafetyWebTests;
			productReference = 89AA20A914F582500082C7B5 /* SafetyWebTests.app */;
			productType = "com.apple.product-type.application";
		};
/* End PBXNativeTarget section */

/* Begin PBXProject section */
		897E97FC14DB02C3007595A7 /* Project object */ = {
			isa = PBXProject;
			attributes = {
				LastUpgradeCheck = 0420;
				ORGANIZATIONNAME = SafetyWeb;
			};
			buildConfigurationList = 897E97FF14DB02C3007595A7 /* Build configuration list for PBXProject "SafetyWeb" */;
			compatibilityVersion = "Xcode 3.2";
			developmentRegion = English;
			hasScannedForEncodings = 0;
			knownRegions = (
				en,
			);
			mainGroup = 897E97FA14DB02C3007595A7;
			productRefGroup = 897E980614DB02C3007595A7 /* Products */;
			projectDirPath = "";
			projectRoot = "";
			targets = (
				897E980414DB02C3007595A7 /* SafetyWeb */,
				89AA20A814F582500082C7B5 /* SafetyWebTests */,
			);
		};
/* End PBXProject section */

/* Begin PBXResourcesBuildPhase section */
		897E980314DB02C3007595A7 /* Resources */ = {
			isa = PBXResourcesBuildPhase;
			buildActionMask = 2147483647;
			files = (
				897E981414DB02C3007595A7 /* InfoPlist.strings in Resources */,
				898651FB14DB5A1E008F353B /* MainWindow.xib in Resources */,
				898651FD14DB5CB7008F353B /* LoginView.xib in Resources */,
				8984675214E1AB3100B997D5 /* ResetPasswordView.xib in Resources */,
				8984675C14E1CA5900B997D5 /* ChildsActivityView.xib in Resources */,
				893F9D4114E1F58D0074C5EC /* AccountSetup1View.xib in Resources */,
				893F9D4414E1F5990074C5EC /* AccountSetup2View.xib in Resources */,
				898441D514E485010047CDFE /* MobileOptInView.xib in Resources */,
				89867F2114E9928600B054B2 /* MobileAlertSetup1View.xib in Resources */,
				89867F2614E9A65700B054B2 /* MobileAlertSetup2View.xib in Resources */,
				899C095614EAE57000DDC780 /* LoadView.xib in Resources */,
				89740A6E14EC56420064E64A /* Back.png in Resources */,
				89740A6F14EC56420064E64A /* Back@2x.png in Resources */,
				89740A7214EC56540064E64A /* Default.png in Resources */,
				89740A7314EC56540064E64A /* Default@2x.png in Resources */,
				89740A7814EC567A0064E64A /* StandardBackground_Logo.png in Resources */,
				89740A7914EC567A0064E64A /* StandardBackground_Logo@2x.png in Resources */,
				89740A7A14EC567A0064E64A /* StandardBackground.png in Resources */,
				89740A7B14EC567A0064E64A /* StandardBackground@2x.png in Resources */,
				89740A7E14EC573B0064E64A /* MobileOptIn.png in Resources */,
				89740A7F14EC573B0064E64A /* MobileOptIn@2x.png in Resources */,
				89740A8214EC57B50064E64A /* Background_SignIn.png in Resources */,
				89740A8314EC57B50064E64A /* Background_SignIn@2x.png in Resources */,
				89740A8614EC58690064E64A /* Button_Blue_LG.png in Resources */,
				89740A8714EC58690064E64A /* Button_Blue_LG@2x.png in Resources */,
				89740A8A14EC59320064E64A /* MobileAlertSetup1.png in Resources */,
				89740A8B14EC59320064E64A /* MobileAlertSetup1@2x.png in Resources */,
				89740A8E14EC599E0064E64A /* MobileAlertSetup2.png in Resources */,
				89740A8F14EC599E0064E64A /* MobileAlertSetup2@2x.png in Resources */,
				89740AA814EC5A620064E64A /* ServiceProviderATT.png in Resources */,
				89740AA914EC5A620064E64A /* ServiceProviderATT@2x.png in Resources */,
				89740AAA14EC5A620064E64A /* ServiceProviderSprint.png in Resources */,
				89740AAB14EC5A620064E64A /* ServiceProviderSprint@2x.png in Resources */,
				89740AAC14EC5A620064E64A /* ServiceProviderTMobile.png in Resources */,
				89740AAD14EC5A620064E64A /* ServiceProviderTMobile@2x.png in Resources */,
				89740AAE14EC5A620064E64A /* ServiceProviderVerizon.png in Resources */,
				89740AAF14EC5A620064E64A /* ServiceProviderVerizon@2x.png in Resources */,
				89740AB614EC6D8C0064E64A /* AppProperties.plist in Resources */,
				89740ABD14EC70E40064E64A /* AppProperties.dev.plist in Resources */,
				89740ABE14EC70E40064E64A /* AppProperties.prod.plist in Resources */,
				897BBC6B14F4171700377684 /* LoadingScreen.png in Resources */,
				897BBC6C14F4171700377684 /* LoadingScreen@2X.png in Resources */,
				897BBC7E14F41D6B00377684 /* ATT_btn_off.png in Resources */,
				897BBC7F14F41D6B00377684 /* ATT_btn_off@2X.png in Resources */,
				897BBC8014F41D6B00377684 /* ATT_btn_on.png in Resources */,
				897BBC8114F41D6B00377684 /* ATT_btn_on@2X.png in Resources */,
				897BBC8214F41D6B00377684 /* Sprint_btn_off.png in Resources */,
				897BBC8314F41D6B00377684 /* Sprint_btn_off@2X.png in Resources */,
				897BBC8414F41D6B00377684 /* Sprint_btn_on.png in Resources */,
				897BBC8514F41D6B00377684 /* Sprint_btn_on@2X.png in Resources */,
				897BBC8614F41D6B00377684 /* TMobile_btn_off.png in Resources */,
				897BBC8714F41D6B00377684 /* TMobile_btn_off@2X.png in Resources */,
				897BBC8814F41D6B00377684 /* TMobile_btn_on.png in Resources */,
				897BBC8914F41D6B00377684 /* TMobile_btn_on@2X.png in Resources */,
				897BBC8A14F41D6B00377684 /* Verizon_btn_off.png in Resources */,
				897BBC8B14F41D6B00377684 /* Verizon_btn_off@2X.png in Resources */,
				897BBC8C14F41D6B00377684 /* Verizon_btn_on.png in Resources */,
				897BBC8D14F41D6B00377684 /* Verizon_btn_on@2X.png in Resources */,
				8936AFE4150FC28B005C8237 /* MenuViewController.xib in Resources */,
				89A1C50B150FFF720097F2F1 /* AlertsViewController.xib in Resources */,
				89A1C510151000300097F2F1 /* point.png in Resources */,
				89A1C512151000530097F2F1 /* eiffel.png in Resources */,
				89A1C517151005EC0097F2F1 /* CheckInViewController.xib in Resources */,
				89A1C519151006510097F2F1 /* butterfly.png in Resources */,
				89B630C315127EE800E25970 /* MyPeopleViewController.xib in Resources */,
				89B630E915129A6A00E25970 /* CheckInCellController.xib in Resources */,
				89B630ED1512A4E700E25970 /* dark_zebra_BG.png in Resources */,
				89B977981517905E0046E102 /* MyPeopleCellController.xib in Resources */,
				897FD2551517E7EB00B7F0D0 /* top_shadow.png in Resources */,
				897FD2581517E80D00B7F0D0 /* bottom_shadow.png in Resources */,
				897FD25D1517E9DF00B7F0D0 /* ViewProfileViewController.xib in Resources */,
				8914514D1522541300800262 /* SettingsViewController.xib in Resources */,
				8981393615238A38003B6A0D /* BingMaps.Resources.bundle in Resources */,
				8981394F1523BF96003B6A0D /* FacebookAlertCellController.xib in Resources */,
				898139511523C066003B6A0D /* facebook_icon.png in Resources */,
				89BD10E61524FAA600141BFA /* SMSAlertCellController.xib in Resources */,
				89BD10E81524FB7700141BFA /* sms_icon.png in Resources */,
				89BD10F315250B2300141BFA /* CheckInAlertCellController.xib in Resources */,
				89BD10F515250BFE00141BFA /* pin_icon.png in Resources */,
			);
			runOnlyForDeploymentPostprocessing = 0;
		};
		89AA20A714F582500082C7B5 /* Resources */ = {
			isa = PBXResourcesBuildPhase;
			buildActionMask = 2147483647;
			files = (
				89A15E5714F59AE100BF1A18 /* AppProperties.plist in Resources */,
				89A15E5814F59AE100BF1A18 /* AppProperties.dev.plist in Resources */,
				89A15E5914F59AE100BF1A18 /* AppProperties.prod.plist in Resources */,
				89AA20B314F582500082C7B5 /* InfoPlist.strings in Resources */,
			);
			runOnlyForDeploymentPostprocessing = 0;
		};
/* End PBXResourcesBuildPhase section */

/* Begin PBXSourcesBuildPhase section */
		897E980114DB02C3007595A7 /* Sources */ = {
			isa = PBXSourcesBuildPhase;
			buildActionMask = 2147483647;
			files = (
				897E981614DB02C3007595A7 /* main.m in Sources */,
				897E981A14DB02C3007595A7 /* SWAppDelegate.m in Sources */,
				897E984214DB1255007595A7 /* RootViewController.m in Sources */,
				897E984514DB12AE007595A7 /* LoginViewController.m in Sources */,
				897E984814DB1478007595A7 /* UserManager.m in Sources */,
				8984674F14E1AA2C00B997D5 /* ResetPasswordViewController.m in Sources */,
				8984675514E1ADEB00B997D5 /* Utilities.m in Sources */,
				8984675914E1CA1900B997D5 /* ChildsActivityViewController.m in Sources */,
				893F9D4714E1F5CD0074C5EC /* AccountSetup1ViewController.m in Sources */,
				893F9D4A14E1F5DE0074C5EC /* AccountSetup2ViewController.m in Sources */,
				89838DB214E30F8C00CDCDBC /* AccountSetupModel.m in Sources */,
				898441D014E474540047CDFE /* AccountSetupViewController.m in Sources */,
				898441D314E483E80047CDFE /* MobileOptInViewController.m in Sources */,
				89867F1E14E9870100B054B2 /* MobileAlertSetup1ViewController.m in Sources */,
				89867F2414E99FD500B054B2 /* MobileAlertSetup2ViewController.m in Sources */,
				899C095014EAD9A000DDC780 /* LoadView.m in Sources */,
				899C095414EAE43900DDC780 /* LoadViewController.m in Sources */,
				89740AB414EC6D4A0064E64A /* AppProperties.m in Sources */,
				899F4C7414ED7E9400B8C553 /* SafetyWebRequest.m in Sources */,
				8901AE5F14EDCA7300059179 /* LoginLoadViewController.m in Sources */,
				899754D014EEFCC40046B1DA /* JSONKit.m in Sources */,
				899754D414EF0FB60046B1DA /* ChildManager.m in Sources */,
				8936AFE3150FC28B005C8237 /* MenuViewController.m in Sources */,
				8936AFE8150FC6D2005C8237 /* MenuItem.m in Sources */,
				89A1C508150FFEA90097F2F1 /* AlertsViewController.m in Sources */,
				89A1C516151005EC0097F2F1 /* CheckInViewController.m in Sources */,
				897D348715114BFE00967F5D /* ResetPasswordLoadViewController.m in Sources */,
				89B630BA1512628400E25970 /* ImageCacheManager.m in Sources */,
				89B630BE1512630A00E25970 /* NSString+MD5.m in Sources */,
				89B630C215127EE800E25970 /* MyPeopleViewController.m in Sources */,
				89B630E815129A6A00E25970 /* CheckInCellController.m in Sources */,
				89B977971517905E0046E102 /* MyPeopleCellController.m in Sources */,
				897FD25C1517E9DF00B7F0D0 /* ViewProfileViewController.m in Sources */,
				89A79015152121CF006BCFDD /* SWMenuViewController.m in Sources */,
				8914514C1522541300800262 /* SettingsViewController.m in Sources */,
				898139481523A04B003B6A0D /* AlertManager.m in Sources */,
				8981394E1523BF96003B6A0D /* FacebookAlertCellController.m in Sources */,
				890DC3DE1523D1F100C5458B /* FacebookAlert.m in Sources */,
				89BD10E51524FAA600141BFA /* SMSAlertCellController.m in Sources */,
				89BD10EB1524FDBF00141BFA /* SMSAlert.m in Sources */,
				89BD10EE152509B900141BFA /* CheckInAlert.m in Sources */,
				89BD10F215250B2300141BFA /* CheckInAlertCellController.m in Sources */,
			);
			runOnlyForDeploymentPostprocessing = 0;
		};
		89AA20A514F582500082C7B5 /* Sources */ = {
			isa = PBXSourcesBuildPhase;
			buildActionMask = 2147483647;
			files = (
				89A15E5414F597DF00BF1A18 /* Utilities.m in Sources */,
				89A15E5614F597DF00BF1A18 /* AppProperties.m in Sources */,
				89A15E5014F597CA00BF1A18 /* JSONKit.m in Sources */,
				89A15E5214F597CA00BF1A18 /* SafetyWebRequest.m in Sources */,
				89AA20C814F5851E0082C7B5 /* GHUnitIOSTestMain.m in Sources */,
				89AA20CB14F585A70082C7B5 /* SampleTestCase.m in Sources */,
				89AA20D014F58AC30082C7B5 /* SafetyWebRequestTestCase.m in Sources */,
			);
			runOnlyForDeploymentPostprocessing = 0;
		};
/* End PBXSourcesBuildPhase section */

/* Begin PBXVariantGroup section */
		897E981214DB02C3007595A7 /* InfoPlist.strings */ = {
			isa = PBXVariantGroup;
			children = (
				897E981314DB02C3007595A7 /* en */,
			);
			name = InfoPlist.strings;
			sourceTree = "<group>";
		};
		89AA20B114F582500082C7B5 /* InfoPlist.strings */ = {
			isa = PBXVariantGroup;
			children = (
				89AA20B214F582500082C7B5 /* en */,
			);
			name = InfoPlist.strings;
			sourceTree = "<group>";
		};
/* End PBXVariantGroup section */

/* Begin XCBuildConfiguration section */
		897E983014DB02C3007595A7 /* Debug */ = {
			isa = XCBuildConfiguration;
			buildSettings = {
				ALWAYS_SEARCH_USER_PATHS = NO;
				ARCHS = (
					armv7,
					armv6,
				);
				"CODE_SIGN_IDENTITY[sdk=iphoneos*]" = "iPhone Developer";
				COPY_PHASE_STRIP = NO;
				GCC_C_LANGUAGE_STANDARD = gnu99;
				GCC_DYNAMIC_NO_PIC = NO;
				GCC_OPTIMIZATION_LEVEL = 0;
				GCC_PREPROCESSOR_DEFINITIONS = (
					"DEBUG=1",
					"$(inherited)",
				);
				GCC_SYMBOLS_PRIVATE_EXTERN = NO;
				GCC_VERSION = com.apple.compilers.llvm.clang.1_0;
				GCC_WARN_ABOUT_MISSING_PROTOTYPES = YES;
				GCC_WARN_ABOUT_RETURN_TYPE = YES;
				GCC_WARN_UNUSED_VARIABLE = YES;
				HEADER_SEARCH_PATHS = "$(SRCROOT)";
				IPHONEOS_DEPLOYMENT_TARGET = 3.1;
				OTHER_LDFLAGS = (
					"-ObjC",
					"-all_load",
				);
				SDKROOT = iphoneos;
			};
			name = Debug;
		};
		897E983114DB02C3007595A7 /* Release */ = {
			isa = XCBuildConfiguration;
			buildSettings = {
				ALWAYS_SEARCH_USER_PATHS = NO;
				ARCHS = (
					armv7,
					armv6,
				);
				"CODE_SIGN_IDENTITY[sdk=iphoneos*]" = "iPhone Developer";
				COPY_PHASE_STRIP = YES;
				GCC_C_LANGUAGE_STANDARD = gnu99;
				GCC_VERSION = com.apple.compilers.llvm.clang.1_0;
				GCC_WARN_ABOUT_MISSING_PROTOTYPES = YES;
				GCC_WARN_ABOUT_RETURN_TYPE = YES;
				GCC_WARN_UNUSED_VARIABLE = YES;
				HEADER_SEARCH_PATHS = "$(SRCROOT)";
				IPHONEOS_DEPLOYMENT_TARGET = 3.1;
				OTHER_CFLAGS = "-DNS_BLOCK_ASSERTIONS=1";
				OTHER_LDFLAGS = (
					"-ObjC",
					"-all_load",
				);
				SDKROOT = iphoneos;
				VALIDATE_PRODUCT = YES;
			};
			name = Release;
		};
		897E983314DB02C3007595A7 /* Debug */ = {
			isa = XCBuildConfiguration;
			buildSettings = {
				GCC_PRECOMPILE_PREFIX_HEADER = YES;
				GCC_PREFIX_HEADER = "SafetyWeb/SafetyWeb-Prefix.pch";
				GCC_SYMBOLS_PRIVATE_EXTERN = NO;
				INFOPLIST_FILE = "SafetyWeb/SafetyWeb-Info.plist";
				LIBRARY_SEARCH_PATHS = (
					"$(inherited)",
					"\"$(SRCROOT)\"",
				);
				PRODUCT_NAME = "$(TARGET_NAME)";
				WRAPPER_EXTENSION = app;
			};
			name = Debug;
		};
		897E983414DB02C3007595A7 /* Release */ = {
			isa = XCBuildConfiguration;
			buildSettings = {
				GCC_PRECOMPILE_PREFIX_HEADER = YES;
				GCC_PREFIX_HEADER = "SafetyWeb/SafetyWeb-Prefix.pch";
				GCC_SYMBOLS_PRIVATE_EXTERN = NO;
				INFOPLIST_FILE = "SafetyWeb/SafetyWeb-Info.plist";
				LIBRARY_SEARCH_PATHS = (
					"$(inherited)",
					"\"$(SRCROOT)\"",
				);
				PRODUCT_NAME = "$(TARGET_NAME)";
				WRAPPER_EXTENSION = app;
			};
			name = Release;
		};
		89AA20C114F582500082C7B5 /* Debug */ = {
			isa = XCBuildConfiguration;
			buildSettings = {
				BUNDLE_LOADER = "";
				"CODE_SIGN_IDENTITY[sdk=iphoneos*]" = "iPhone Developer";
				FRAMEWORK_SEARCH_PATHS = (
					"$(inherited)",
					"\"$(SRCROOT)/..\"",
					"\"$(SRCROOT)/SafetyWebTests\"",
				);
				GCC_PRECOMPILE_PREFIX_HEADER = YES;
				GCC_PREFIX_HEADER = "SafetyWebTests/SafetyWebTests-Prefix.pch";
				INFOPLIST_FILE = "SafetyWebTests/SafetyWebTests-Info.plist";
				OTHER_LDFLAGS = (
					"-ObjC",
					"-all_load",
				);
				PRODUCT_NAME = "$(TARGET_NAME)";
				TEST_HOST = "";
				WRAPPER_EXTENSION = app;
			};
			name = Debug;
		};
		89AA20C214F582500082C7B5 /* Release */ = {
			isa = XCBuildConfiguration;
			buildSettings = {
				BUNDLE_LOADER = "";
				"CODE_SIGN_IDENTITY[sdk=iphoneos*]" = "iPhone Developer";
				FRAMEWORK_SEARCH_PATHS = (
					"$(inherited)",
					"\"$(SRCROOT)/..\"",
					"\"$(SRCROOT)/SafetyWebTests\"",
				);
				GCC_PRECOMPILE_PREFIX_HEADER = YES;
				GCC_PREFIX_HEADER = "SafetyWebTests/SafetyWebTests-Prefix.pch";
				INFOPLIST_FILE = "SafetyWebTests/SafetyWebTests-Info.plist";
				OTHER_LDFLAGS = (
					"-ObjC",
					"-all_load",
				);
				PRODUCT_NAME = "$(TARGET_NAME)";
				TEST_HOST = "";
				WRAPPER_EXTENSION = app;
			};
			name = Release;
		};
/* End XCBuildConfiguration section */

/* Begin XCConfigurationList section */
		897E97FF14DB02C3007595A7 /* Build configuration list for PBXProject "SafetyWeb" */ = {
			isa = XCConfigurationList;
			buildConfigurations = (
				897E983014DB02C3007595A7 /* Debug */,
				897E983114DB02C3007595A7 /* Release */,
			);
			defaultConfigurationIsVisible = 0;
			defaultConfigurationName = Release;
		};
		897E983214DB02C3007595A7 /* Build configuration list for PBXNativeTarget "SafetyWeb" */ = {
			isa = XCConfigurationList;
			buildConfigurations = (
				897E983314DB02C3007595A7 /* Debug */,
				897E983414DB02C3007595A7 /* Release */,
			);
			defaultConfigurationIsVisible = 0;
			defaultConfigurationName = Release;
		};
		89AA20C014F582500082C7B5 /* Build configuration list for PBXNativeTarget "SafetyWebTests" */ = {
			isa = XCConfigurationList;
			buildConfigurations = (
				89AA20C114F582500082C7B5 /* Debug */,
				89AA20C214F582500082C7B5 /* Release */,
			);
			defaultConfigurationIsVisible = 0;
			defaultConfigurationName = Release;
		};
/* End XCConfigurationList section */
	};
	rootObject = 897E97FC14DB02C3007595A7 /* Project object */;
}
